// !$*UTF8*$!
{
	archiveVersion = 1;
	classes = {
	};
	objectVersion = 52;
	objects = {

/* Begin PBXBuildFile section */
		994EB85E2858ED4B0050C018 /* MetromomeKit in Frameworks */ = {isa = PBXBuildFile; productRef = 994EB85D2858ED4B0050C018 /* MetromomeKit */; };
		994EB8642858EEC50050C018 /* MetromomeKit in Frameworks */ = {isa = PBXBuildFile; productRef = 994EB8632858EEC50050C018 /* MetromomeKit */; };
		9952DDC22154DE4900F3C184 /* MainViewController.swift in Sources */ = {isa = PBXBuildFile; fileRef = 9952DDC12154DE4900F3C184 /* MainViewController.swift */; };
		99787B78215E90A600F9D14A /* AppDelegate.swift in Sources */ = {isa = PBXBuildFile; fileRef = 99787B77215E90A600F9D14A /* AppDelegate.swift */; };
		99787B7A215E90A600F9D14A /* ViewController.swift in Sources */ = {isa = PBXBuildFile; fileRef = 99787B79215E90A600F9D14A /* ViewController.swift */; };
		99787B7D215E90A600F9D14A /* Main.storyboard in Resources */ = {isa = PBXBuildFile; fileRef = 99787B7B215E90A600F9D14A /* Main.storyboard */; };
		99787B7F215E90A800F9D14A /* Assets.xcassets in Resources */ = {isa = PBXBuildFile; fileRef = 99787B7E215E90A800F9D14A /* Assets.xcassets */; };
		99787B8A215E90A800F9D14A /* TVMetronomeTests.swift in Sources */ = {isa = PBXBuildFile; fileRef = 99787B89215E90A800F9D14A /* TVMetronomeTests.swift */; };
		99787B95215E90A900F9D14A /* TVMetronomeUITests.swift in Sources */ = {isa = PBXBuildFile; fileRef = 99787B94215E90A900F9D14A /* TVMetronomeUITests.swift */; };
		99FBD2242143BA26006F9C20 /* AppDelegate.swift in Sources */ = {isa = PBXBuildFile; fileRef = 99FBD2232143BA26006F9C20 /* AppDelegate.swift */; };
		99FBD22F2143BA26006F9C20 /* Main.storyboard in Resources */ = {isa = PBXBuildFile; fileRef = 99FBD22D2143BA26006F9C20 /* Main.storyboard */; };
		99FBD2312143BA28006F9C20 /* Assets.xcassets in Resources */ = {isa = PBXBuildFile; fileRef = 99FBD2302143BA28006F9C20 /* Assets.xcassets */; };
		99FBD2342143BA28006F9C20 /* LaunchScreen.storyboard in Resources */ = {isa = PBXBuildFile; fileRef = 99FBD2322143BA28006F9C20 /* LaunchScreen.storyboard */; };
		99FBD23F2143BA28006F9C20 /* MetronomeTests.swift in Sources */ = {isa = PBXBuildFile; fileRef = 99FBD23E2143BA28006F9C20 /* MetronomeTests.swift */; };
		99FBD24A2143BA28006F9C20 /* MetronomeUITests.swift in Sources */ = {isa = PBXBuildFile; fileRef = 99FBD2492143BA28006F9C20 /* MetronomeUITests.swift */; };
		99FBD2AD2143C380006F9C20 /* Interface.storyboard in Resources */ = {isa = PBXBuildFile; fileRef = 99FBD2AB2143C380006F9C20 /* Interface.storyboard */; };
		99FBD2AF2143C381006F9C20 /* Assets.xcassets in Resources */ = {isa = PBXBuildFile; fileRef = 99FBD2AE2143C381006F9C20 /* Assets.xcassets */; };
		99FBD2B62143C381006F9C20 /* MetronomeWatchOS Extension.appex in Embed App Extensions */ = {isa = PBXBuildFile; fileRef = 99FBD2B52143C381006F9C20 /* MetronomeWatchOS Extension.appex */; settings = {ATTRIBUTES = (RemoveHeadersOnCopy, ); }; };
		99FBD2BB2143C381006F9C20 /* InterfaceController.swift in Sources */ = {isa = PBXBuildFile; fileRef = 99FBD2BA2143C381006F9C20 /* InterfaceController.swift */; };
		99FBD2BD2143C381006F9C20 /* ExtensionDelegate.swift in Sources */ = {isa = PBXBuildFile; fileRef = 99FBD2BC2143C381006F9C20 /* ExtensionDelegate.swift */; };
		99FBD2C12143C382006F9C20 /* Assets.xcassets in Resources */ = {isa = PBXBuildFile; fileRef = 99FBD2C02143C382006F9C20 /* Assets.xcassets */; };
		99FBD2C52143C382006F9C20 /* MetronomeWatchOS.app in Embed Watch Content */ = {isa = PBXBuildFile; fileRef = 99FBD2A92143C380006F9C20 /* MetronomeWatchOS.app */; };
/* End PBXBuildFile section */

/* Begin PBXContainerItemProxy section */
		99787B86215E90A800F9D14A /* PBXContainerItemProxy */ = {
			isa = PBXContainerItemProxy;
			containerPortal = 99FBD2182143BA26006F9C20 /* Project object */;
			proxyType = 1;
			remoteGlobalIDString = 99787B74215E90A600F9D14A;
			remoteInfo = TVMetronome;
		};
		99787B91215E90A900F9D14A /* PBXContainerItemProxy */ = {
			isa = PBXContainerItemProxy;
			containerPortal = 99FBD2182143BA26006F9C20 /* Project object */;
			proxyType = 1;
			remoteGlobalIDString = 99787B74215E90A600F9D14A;
			remoteInfo = TVMetronome;
		};
		99FBD23B2143BA28006F9C20 /* PBXContainerItemProxy */ = {
			isa = PBXContainerItemProxy;
			containerPortal = 99FBD2182143BA26006F9C20 /* Project object */;
			proxyType = 1;
			remoteGlobalIDString = 99FBD21F2143BA26006F9C20;
			remoteInfo = Metronome;
		};
		99FBD2462143BA28006F9C20 /* PBXContainerItemProxy */ = {
			isa = PBXContainerItemProxy;
			containerPortal = 99FBD2182143BA26006F9C20 /* Project object */;
			proxyType = 1;
			remoteGlobalIDString = 99FBD21F2143BA26006F9C20;
			remoteInfo = Metronome;
		};
		99FBD2B72143C381006F9C20 /* PBXContainerItemProxy */ = {
			isa = PBXContainerItemProxy;
			containerPortal = 99FBD2182143BA26006F9C20 /* Project object */;
			proxyType = 1;
			remoteGlobalIDString = 99FBD2B42143C381006F9C20;
			remoteInfo = "MetronomeWatchOS Extension";
		};
		99FBD2C32143C382006F9C20 /* PBXContainerItemProxy */ = {
			isa = PBXContainerItemProxy;
			containerPortal = 99FBD2182143BA26006F9C20 /* Project object */;
			proxyType = 1;
			remoteGlobalIDString = 99FBD2A82143C380006F9C20;
			remoteInfo = MetronomeWatchOS;
		};
/* End PBXContainerItemProxy section */

/* Begin PBXCopyFilesBuildPhase section */
		99787BBF215E90D500F9D14A /* Embed Frameworks */ = {
			isa = PBXCopyFilesBuildPhase;
			buildActionMask = 2147483647;
			dstPath = "";
			dstSubfolderSpec = 10;
			files = (
			);
			name = "Embed Frameworks";
			runOnlyForDeploymentPostprocessing = 0;
		};
		99FBD2782143BC5B006F9C20 /* Embed Frameworks */ = {
			isa = PBXCopyFilesBuildPhase;
			buildActionMask = 2147483647;
			dstPath = "";
			dstSubfolderSpec = 10;
			files = (
			);
			name = "Embed Frameworks";
			runOnlyForDeploymentPostprocessing = 0;
		};
		99FBD2C92143C382006F9C20 /* Embed App Extensions */ = {
			isa = PBXCopyFilesBuildPhase;
			buildActionMask = 2147483647;
			dstPath = "";
			dstSubfolderSpec = 13;
			files = (
				99FBD2B62143C381006F9C20 /* MetronomeWatchOS Extension.appex in Embed App Extensions */,
			);
			name = "Embed App Extensions";
			runOnlyForDeploymentPostprocessing = 0;
		};
		99FBD2CD2143C382006F9C20 /* Embed Watch Content */ = {
			isa = PBXCopyFilesBuildPhase;
			buildActionMask = 2147483647;
			dstPath = "$(CONTENTS_FOLDER_PATH)/Watch";
			dstSubfolderSpec = 16;
			files = (
				99FBD2C52143C382006F9C20 /* MetronomeWatchOS.app in Embed Watch Content */,
			);
			name = "Embed Watch Content";
			runOnlyForDeploymentPostprocessing = 0;
		};
/* End PBXCopyFilesBuildPhase section */

/* Begin PBXFileReference section */
		994EB85B2858ED160050C018 /* MetromomeKit */ = {isa = PBXFileReference; lastKnownFileType = wrapper; name = MetromomeKit; path = ../../Desktop/MetromomeKit; sourceTree = "<group>"; };
		9952DDC12154DE4900F3C184 /* MainViewController.swift */ = {isa = PBXFileReference; lastKnownFileType = sourcecode.swift; path = MainViewController.swift; sourceTree = "<group>"; };
		99787B75215E90A600F9D14A /* TVMetronome.app */ = {isa = PBXFileReference; explicitFileType = wrapper.application; includeInIndex = 0; path = TVMetronome.app; sourceTree = BUILT_PRODUCTS_DIR; };
		99787B77215E90A600F9D14A /* AppDelegate.swift */ = {isa = PBXFileReference; lastKnownFileType = sourcecode.swift; path = AppDelegate.swift; sourceTree = "<group>"; };
		99787B79215E90A600F9D14A /* ViewController.swift */ = {isa = PBXFileReference; lastKnownFileType = sourcecode.swift; path = ViewController.swift; sourceTree = "<group>"; };
		99787B7C215E90A600F9D14A /* Base */ = {isa = PBXFileReference; lastKnownFileType = file.storyboard; name = Base; path = Base.lproj/Main.storyboard; sourceTree = "<group>"; };
		99787B7E215E90A800F9D14A /* Assets.xcassets */ = {isa = PBXFileReference; lastKnownFileType = folder.assetcatalog; path = Assets.xcassets; sourceTree = "<group>"; };
		99787B80215E90A800F9D14A /* Info.plist */ = {isa = PBXFileReference; lastKnownFileType = text.plist.xml; path = Info.plist; sourceTree = "<group>"; };
		99787B85215E90A800F9D14A /* TVMetronomeTests.xctest */ = {isa = PBXFileReference; explicitFileType = wrapper.cfbundle; includeInIndex = 0; path = TVMetronomeTests.xctest; sourceTree = BUILT_PRODUCTS_DIR; };
		99787B89215E90A800F9D14A /* TVMetronomeTests.swift */ = {isa = PBXFileReference; lastKnownFileType = sourcecode.swift; path = TVMetronomeTests.swift; sourceTree = "<group>"; };
		99787B8B215E90A800F9D14A /* Info.plist */ = {isa = PBXFileReference; lastKnownFileType = text.plist.xml; path = Info.plist; sourceTree = "<group>"; };
		99787B90215E90A800F9D14A /* TVMetronomeUITests.xctest */ = {isa = PBXFileReference; explicitFileType = wrapper.cfbundle; includeInIndex = 0; path = TVMetronomeUITests.xctest; sourceTree = BUILT_PRODUCTS_DIR; };
		99787B94215E90A900F9D14A /* TVMetronomeUITests.swift */ = {isa = PBXFileReference; lastKnownFileType = sourcecode.swift; path = TVMetronomeUITests.swift; sourceTree = "<group>"; };
		99787B96215E90A900F9D14A /* Info.plist */ = {isa = PBXFileReference; lastKnownFileType = text.plist.xml; path = Info.plist; sourceTree = "<group>"; };
		99FBD2202143BA26006F9C20 /* Metronome.app */ = {isa = PBXFileReference; explicitFileType = wrapper.application; includeInIndex = 0; path = Metronome.app; sourceTree = BUILT_PRODUCTS_DIR; };
		99FBD2232143BA26006F9C20 /* AppDelegate.swift */ = {isa = PBXFileReference; lastKnownFileType = sourcecode.swift; path = AppDelegate.swift; sourceTree = "<group>"; };
		99FBD22E2143BA26006F9C20 /* Base */ = {isa = PBXFileReference; lastKnownFileType = file.storyboard; name = Base; path = Base.lproj/Main.storyboard; sourceTree = "<group>"; };
		99FBD2302143BA28006F9C20 /* Assets.xcassets */ = {isa = PBXFileReference; lastKnownFileType = folder.assetcatalog; path = Assets.xcassets; sourceTree = "<group>"; };
		99FBD2332143BA28006F9C20 /* Base */ = {isa = PBXFileReference; lastKnownFileType = file.storyboard; name = Base; path = Base.lproj/LaunchScreen.storyboard; sourceTree = "<group>"; };
		99FBD2352143BA28006F9C20 /* Info.plist */ = {isa = PBXFileReference; lastKnownFileType = text.plist.xml; path = Info.plist; sourceTree = "<group>"; };
		99FBD23A2143BA28006F9C20 /* MetronomeTests.xctest */ = {isa = PBXFileReference; explicitFileType = wrapper.cfbundle; includeInIndex = 0; path = MetronomeTests.xctest; sourceTree = BUILT_PRODUCTS_DIR; };
		99FBD23E2143BA28006F9C20 /* MetronomeTests.swift */ = {isa = PBXFileReference; lastKnownFileType = sourcecode.swift; path = MetronomeTests.swift; sourceTree = "<group>"; };
		99FBD2402143BA28006F9C20 /* Info.plist */ = {isa = PBXFileReference; lastKnownFileType = text.plist.xml; path = Info.plist; sourceTree = "<group>"; };
		99FBD2452143BA28006F9C20 /* MetronomeUITests.xctest */ = {isa = PBXFileReference; explicitFileType = wrapper.cfbundle; includeInIndex = 0; path = MetronomeUITests.xctest; sourceTree = BUILT_PRODUCTS_DIR; };
		99FBD2492143BA28006F9C20 /* MetronomeUITests.swift */ = {isa = PBXFileReference; lastKnownFileType = sourcecode.swift; path = MetronomeUITests.swift; sourceTree = "<group>"; };
		99FBD24B2143BA28006F9C20 /* Info.plist */ = {isa = PBXFileReference; lastKnownFileType = text.plist.xml; path = Info.plist; sourceTree = "<group>"; };
		99FBD2A92143C380006F9C20 /* MetronomeWatchOS.app */ = {isa = PBXFileReference; explicitFileType = wrapper.application; includeInIndex = 0; path = MetronomeWatchOS.app; sourceTree = BUILT_PRODUCTS_DIR; };
		99FBD2AC2143C380006F9C20 /* Base */ = {isa = PBXFileReference; lastKnownFileType = file.storyboard; name = Base; path = Base.lproj/Interface.storyboard; sourceTree = "<group>"; };
		99FBD2AE2143C381006F9C20 /* Assets.xcassets */ = {isa = PBXFileReference; lastKnownFileType = folder.assetcatalog; path = Assets.xcassets; sourceTree = "<group>"; };
		99FBD2B02143C381006F9C20 /* Info.plist */ = {isa = PBXFileReference; lastKnownFileType = text.plist.xml; path = Info.plist; sourceTree = "<group>"; };
		99FBD2B52143C381006F9C20 /* MetronomeWatchOS Extension.appex */ = {isa = PBXFileReference; explicitFileType = "wrapper.app-extension"; includeInIndex = 0; path = "MetronomeWatchOS Extension.appex"; sourceTree = BUILT_PRODUCTS_DIR; };
		99FBD2BA2143C381006F9C20 /* InterfaceController.swift */ = {isa = PBXFileReference; lastKnownFileType = sourcecode.swift; path = InterfaceController.swift; sourceTree = "<group>"; };
		99FBD2BC2143C381006F9C20 /* ExtensionDelegate.swift */ = {isa = PBXFileReference; lastKnownFileType = sourcecode.swift; path = ExtensionDelegate.swift; sourceTree = "<group>"; };
		99FBD2C02143C382006F9C20 /* Assets.xcassets */ = {isa = PBXFileReference; lastKnownFileType = folder.assetcatalog; path = Assets.xcassets; sourceTree = "<group>"; };
		99FBD2C22143C382006F9C20 /* Info.plist */ = {isa = PBXFileReference; lastKnownFileType = text.plist.xml; path = Info.plist; sourceTree = "<group>"; };
/* End PBXFileReference section */

/* Begin PBXFrameworksBuildPhase section */
		99787B72215E90A600F9D14A /* Frameworks */ = {
			isa = PBXFrameworksBuildPhase;
			buildActionMask = 2147483647;
			files = (
			);
			runOnlyForDeploymentPostprocessing = 0;
		};
		99787B82215E90A800F9D14A /* Frameworks */ = {
			isa = PBXFrameworksBuildPhase;
			buildActionMask = 2147483647;
			files = (
			);
			runOnlyForDeploymentPostprocessing = 0;
		};
		99787B8D215E90A800F9D14A /* Frameworks */ = {
			isa = PBXFrameworksBuildPhase;
			buildActionMask = 2147483647;
			files = (
			);
			runOnlyForDeploymentPostprocessing = 0;
		};
		99FBD21D2143BA26006F9C20 /* Frameworks */ = {
			isa = PBXFrameworksBuildPhase;
			buildActionMask = 2147483647;
			files = (
				994EB85E2858ED4B0050C018 /* MetromomeKit in Frameworks */,
			);
			runOnlyForDeploymentPostprocessing = 0;
		};
		99FBD2372143BA28006F9C20 /* Frameworks */ = {
			isa = PBXFrameworksBuildPhase;
			buildActionMask = 2147483647;
			files = (
			);
			runOnlyForDeploymentPostprocessing = 0;
		};
		99FBD2422143BA28006F9C20 /* Frameworks */ = {
			isa = PBXFrameworksBuildPhase;
			buildActionMask = 2147483647;
			files = (
			);
			runOnlyForDeploymentPostprocessing = 0;
		};
		99FBD2B22143C381006F9C20 /* Frameworks */ = {
			isa = PBXFrameworksBuildPhase;
			buildActionMask = 2147483647;
			files = (
				994EB8642858EEC50050C018 /* MetromomeKit in Frameworks */,
			);
			runOnlyForDeploymentPostprocessing = 0;
		};
/* End PBXFrameworksBuildPhase section */

/* Begin PBXGroup section */
		994EB85C2858ED4B0050C018 /* Frameworks */ = {
			isa = PBXGroup;
			children = (
			);
			name = Frameworks;
			sourceTree = "<group>";
		};
		99787B76215E90A600F9D14A /* TVMetronome */ = {
			isa = PBXGroup;
			children = (
				99787B77215E90A600F9D14A /* AppDelegate.swift */,
				99787B79215E90A600F9D14A /* ViewController.swift */,
				99787B7B215E90A600F9D14A /* Main.storyboard */,
				99787B7E215E90A800F9D14A /* Assets.xcassets */,
				99787B80215E90A800F9D14A /* Info.plist */,
			);
			path = TVMetronome;
			sourceTree = "<group>";
		};
		99787B88215E90A800F9D14A /* TVMetronomeTests */ = {
			isa = PBXGroup;
			children = (
				99787B89215E90A800F9D14A /* TVMetronomeTests.swift */,
				99787B8B215E90A800F9D14A /* Info.plist */,
			);
			path = TVMetronomeTests;
			sourceTree = "<group>";
		};
		99787B93215E90A900F9D14A /* TVMetronomeUITests */ = {
			isa = PBXGroup;
			children = (
				99787B94215E90A900F9D14A /* TVMetronomeUITests.swift */,
				99787B96215E90A900F9D14A /* Info.plist */,
			);
			path = TVMetronomeUITests;
			sourceTree = "<group>";
		};
		99FBD2172143BA26006F9C20 = {
			isa = PBXGroup;
			children = (
				994EB85B2858ED160050C018 /* MetromomeKit */,
				99FBD2222143BA26006F9C20 /* Metronome */,
				99FBD23D2143BA28006F9C20 /* MetronomeTests */,
				99FBD2482143BA28006F9C20 /* MetronomeUITests */,
				99FBD2AA2143C380006F9C20 /* MetronomeWatchOS */,
				99FBD2B92143C381006F9C20 /* MetronomeWatchOS Extension */,
				99787B76215E90A600F9D14A /* TVMetronome */,
				99787B88215E90A800F9D14A /* TVMetronomeTests */,
				99787B93215E90A900F9D14A /* TVMetronomeUITests */,
				99FBD2212143BA26006F9C20 /* Products */,
				994EB85C2858ED4B0050C018 /* Frameworks */,
			);
			sourceTree = "<group>";
		};
		99FBD2212143BA26006F9C20 /* Products */ = {
			isa = PBXGroup;
			children = (
				99FBD2202143BA26006F9C20 /* Metronome.app */,
				99FBD23A2143BA28006F9C20 /* MetronomeTests.xctest */,
				99FBD2452143BA28006F9C20 /* MetronomeUITests.xctest */,
				99FBD2A92143C380006F9C20 /* MetronomeWatchOS.app */,
				99FBD2B52143C381006F9C20 /* MetronomeWatchOS Extension.appex */,
				99787B75215E90A600F9D14A /* TVMetronome.app */,
				99787B85215E90A800F9D14A /* TVMetronomeTests.xctest */,
				99787B90215E90A800F9D14A /* TVMetronomeUITests.xctest */,
			);
			name = Products;
			sourceTree = "<group>";
		};
		99FBD2222143BA26006F9C20 /* Metronome */ = {
			isa = PBXGroup;
			children = (
				99FBD2232143BA26006F9C20 /* AppDelegate.swift */,
				9952DDC12154DE4900F3C184 /* MainViewController.swift */,
				99FBD22D2143BA26006F9C20 /* Main.storyboard */,
				99FBD2302143BA28006F9C20 /* Assets.xcassets */,
				99FBD2322143BA28006F9C20 /* LaunchScreen.storyboard */,
				99FBD2352143BA28006F9C20 /* Info.plist */,
			);
			path = Metronome;
			sourceTree = "<group>";
		};
		99FBD23D2143BA28006F9C20 /* MetronomeTests */ = {
			isa = PBXGroup;
			children = (
				99FBD23E2143BA28006F9C20 /* MetronomeTests.swift */,
				99FBD2402143BA28006F9C20 /* Info.plist */,
			);
			path = MetronomeTests;
			sourceTree = "<group>";
		};
		99FBD2482143BA28006F9C20 /* MetronomeUITests */ = {
			isa = PBXGroup;
			children = (
				99FBD2492143BA28006F9C20 /* MetronomeUITests.swift */,
				99FBD24B2143BA28006F9C20 /* Info.plist */,
			);
			path = MetronomeUITests;
			sourceTree = "<group>";
		};
		99FBD2AA2143C380006F9C20 /* MetronomeWatchOS */ = {
			isa = PBXGroup;
			children = (
				99FBD2AB2143C380006F9C20 /* Interface.storyboard */,
				99FBD2AE2143C381006F9C20 /* Assets.xcassets */,
				99FBD2B02143C381006F9C20 /* Info.plist */,
			);
			path = MetronomeWatchOS;
			sourceTree = "<group>";
		};
		99FBD2B92143C381006F9C20 /* MetronomeWatchOS Extension */ = {
			isa = PBXGroup;
			children = (
				99FBD2BA2143C381006F9C20 /* InterfaceController.swift */,
				99FBD2BC2143C381006F9C20 /* ExtensionDelegate.swift */,
				99FBD2C02143C382006F9C20 /* Assets.xcassets */,
				99FBD2C22143C382006F9C20 /* Info.plist */,
			);
			path = "MetronomeWatchOS Extension";
			sourceTree = "<group>";
		};
/* End PBXGroup section */

/* Begin PBXNativeTarget section */
		99787B74215E90A600F9D14A /* TVMetronome */ = {
			isa = PBXNativeTarget;
			buildConfigurationList = 99787B97215E90A900F9D14A /* Build configuration list for PBXNativeTarget "TVMetronome" */;
			buildPhases = (
				99787B71215E90A600F9D14A /* Sources */,
				99787B72215E90A600F9D14A /* Frameworks */,
				99787B73215E90A600F9D14A /* Resources */,
				99787BBF215E90D500F9D14A /* Embed Frameworks */,
			);
			buildRules = (
			);
			dependencies = (
			);
			name = TVMetronome;
			productName = TVMetronome;
			productReference = 99787B75215E90A600F9D14A /* TVMetronome.app */;
			productType = "com.apple.product-type.application";
		};
		99787B84215E90A800F9D14A /* TVMetronomeTests */ = {
			isa = PBXNativeTarget;
			buildConfigurationList = 99787B9A215E90A900F9D14A /* Build configuration list for PBXNativeTarget "TVMetronomeTests" */;
			buildPhases = (
				99787B81215E90A800F9D14A /* Sources */,
				99787B82215E90A800F9D14A /* Frameworks */,
				99787B83215E90A800F9D14A /* Resources */,
			);
			buildRules = (
			);
			dependencies = (
				99787B87215E90A800F9D14A /* PBXTargetDependency */,
			);
			name = TVMetronomeTests;
			productName = TVMetronomeTests;
			productReference = 99787B85215E90A800F9D14A /* TVMetronomeTests.xctest */;
			productType = "com.apple.product-type.bundle.unit-test";
		};
		99787B8F215E90A800F9D14A /* TVMetronomeUITests */ = {
			isa = PBXNativeTarget;
			buildConfigurationList = 99787B9D215E90A900F9D14A /* Build configuration list for PBXNativeTarget "TVMetronomeUITests" */;
			buildPhases = (
				99787B8C215E90A800F9D14A /* Sources */,
				99787B8D215E90A800F9D14A /* Frameworks */,
				99787B8E215E90A800F9D14A /* Resources */,
			);
			buildRules = (
			);
			dependencies = (
				99787B92215E90A900F9D14A /* PBXTargetDependency */,
			);
			name = TVMetronomeUITests;
			productName = TVMetronomeUITests;
			productReference = 99787B90215E90A800F9D14A /* TVMetronomeUITests.xctest */;
			productType = "com.apple.product-type.bundle.ui-testing";
		};
		99FBD21F2143BA26006F9C20 /* Metronome */ = {
			isa = PBXNativeTarget;
			buildConfigurationList = 99FBD24E2143BA28006F9C20 /* Build configuration list for PBXNativeTarget "Metronome" */;
			buildPhases = (
				99FBD21C2143BA26006F9C20 /* Sources */,
				99FBD21D2143BA26006F9C20 /* Frameworks */,
				99FBD21E2143BA26006F9C20 /* Resources */,
				99FBD2782143BC5B006F9C20 /* Embed Frameworks */,
				99FBD2CD2143C382006F9C20 /* Embed Watch Content */,
			);
			buildRules = (
			);
			dependencies = (
				994EB8682858EED70050C018 /* PBXTargetDependency */,
				99FBD2C42143C382006F9C20 /* PBXTargetDependency */,
			);
			name = Metronome;
			packageProductDependencies = (
				994EB85D2858ED4B0050C018 /* MetromomeKit */,
			);
			productName = Metronome;
			productReference = 99FBD2202143BA26006F9C20 /* Metronome.app */;
			productType = "com.apple.product-type.application";
		};
		99FBD2392143BA28006F9C20 /* MetronomeTests */ = {
			isa = PBXNativeTarget;
			buildConfigurationList = 99FBD2512143BA28006F9C20 /* Build configuration list for PBXNativeTarget "MetronomeTests" */;
			buildPhases = (
				99FBD2362143BA28006F9C20 /* Sources */,
				99FBD2372143BA28006F9C20 /* Frameworks */,
				99FBD2382143BA28006F9C20 /* Resources */,
			);
			buildRules = (
			);
			dependencies = (
				99FBD23C2143BA28006F9C20 /* PBXTargetDependency */,
			);
			name = MetronomeTests;
			productName = MetronomeTests;
			productReference = 99FBD23A2143BA28006F9C20 /* MetronomeTests.xctest */;
			productType = "com.apple.product-type.bundle.unit-test";
		};
		99FBD2442143BA28006F9C20 /* MetronomeUITests */ = {
			isa = PBXNativeTarget;
			buildConfigurationList = 99FBD2542143BA28006F9C20 /* Build configuration list for PBXNativeTarget "MetronomeUITests" */;
			buildPhases = (
				99FBD2412143BA28006F9C20 /* Sources */,
				99FBD2422143BA28006F9C20 /* Frameworks */,
				99FBD2432143BA28006F9C20 /* Resources */,
			);
			buildRules = (
			);
			dependencies = (
				99FBD2472143BA28006F9C20 /* PBXTargetDependency */,
			);
			name = MetronomeUITests;
			productName = MetronomeUITests;
			productReference = 99FBD2452143BA28006F9C20 /* MetronomeUITests.xctest */;
			productType = "com.apple.product-type.bundle.ui-testing";
		};
		99FBD2A82143C380006F9C20 /* MetronomeWatchOS */ = {
			isa = PBXNativeTarget;
			buildConfigurationList = 99FBD2CA2143C382006F9C20 /* Build configuration list for PBXNativeTarget "MetronomeWatchOS" */;
			buildPhases = (
				99FBD2A72143C380006F9C20 /* Resources */,
				99FBD2C92143C382006F9C20 /* Embed App Extensions */,
			);
			buildRules = (
			);
			dependencies = (
				99FBD2B82143C381006F9C20 /* PBXTargetDependency */,
			);
			name = MetronomeWatchOS;
			productName = MetronomeWatchOS;
			productReference = 99FBD2A92143C380006F9C20 /* MetronomeWatchOS.app */;
			productType = "com.apple.product-type.application.watchapp2";
		};
		99FBD2B42143C381006F9C20 /* MetronomeWatchOS Extension */ = {
			isa = PBXNativeTarget;
			buildConfigurationList = 99FBD2C62143C382006F9C20 /* Build configuration list for PBXNativeTarget "MetronomeWatchOS Extension" */;
			buildPhases = (
				99FBD2B12143C381006F9C20 /* Sources */,
				99FBD2B22143C381006F9C20 /* Frameworks */,
				99FBD2B32143C381006F9C20 /* Resources */,
			);
			buildRules = (
			);
			dependencies = (
				994EB8662858EECF0050C018 /* PBXTargetDependency */,
			);
			name = "MetronomeWatchOS Extension";
			packageProductDependencies = (
				994EB8632858EEC50050C018 /* MetromomeKit */,
			);
			productName = "MetronomeWatchOS Extension";
			productReference = 99FBD2B52143C381006F9C20 /* MetronomeWatchOS Extension.appex */;
			productType = "com.apple.product-type.watchkit2-extension";
		};
/* End PBXNativeTarget section */

/* Begin PBXProject section */
		99FBD2182143BA26006F9C20 /* Project object */ = {
			isa = PBXProject;
			attributes = {
				LastSwiftUpdateCheck = 1000;
				LastUpgradeCheck = 1340;
				ORGANIZATIONNAME = "xiangyu sun";
				TargetAttributes = {
					99787B74215E90A600F9D14A = {
						CreatedOnToolsVersion = 10.0;
					};
					99787B84215E90A800F9D14A = {
						CreatedOnToolsVersion = 10.0;
						TestTargetID = 99787B74215E90A600F9D14A;
					};
					99787B8F215E90A800F9D14A = {
						CreatedOnToolsVersion = 10.0;
						TestTargetID = 99787B74215E90A600F9D14A;
					};
					99FBD21F2143BA26006F9C20 = {
						CreatedOnToolsVersion = 9.4.1;
						LastSwiftMigration = 1000;
					};
					99FBD2392143BA28006F9C20 = {
						CreatedOnToolsVersion = 9.4.1;
						LastSwiftMigration = 1000;
						TestTargetID = 99FBD21F2143BA26006F9C20;
					};
					99FBD2442143BA28006F9C20 = {
						CreatedOnToolsVersion = 9.4.1;
						LastSwiftMigration = 1000;
						TestTargetID = 99FBD21F2143BA26006F9C20;
					};
					99FBD2A82143C380006F9C20 = {
						CreatedOnToolsVersion = 9.4.1;
					};
					99FBD2B42143C381006F9C20 = {
						CreatedOnToolsVersion = 9.4.1;
						LastSwiftMigration = 1000;
					};
				};
			};
			buildConfigurationList = 99FBD21B2143BA26006F9C20 /* Build configuration list for PBXProject "Metronome" */;
			compatibilityVersion = "Xcode 9.3";
			developmentRegion = en;
			hasScannedForEncodings = 0;
			knownRegions = (
				en,
				Base,
			);
			mainGroup = 99FBD2172143BA26006F9C20;
			productRefGroup = 99FBD2212143BA26006F9C20 /* Products */;
			projectDirPath = "";
			projectRoot = "";
			targets = (
				99FBD21F2143BA26006F9C20 /* Metronome */,
				99FBD2392143BA28006F9C20 /* MetronomeTests */,
				99FBD2442143BA28006F9C20 /* MetronomeUITests */,
				99FBD2A82143C380006F9C20 /* MetronomeWatchOS */,
				99FBD2B42143C381006F9C20 /* MetronomeWatchOS Extension */,
				99787B74215E90A600F9D14A /* TVMetronome */,
				99787B84215E90A800F9D14A /* TVMetronomeTests */,
				99787B8F215E90A800F9D14A /* TVMetronomeUITests */,
			);
		};
/* End PBXProject section */

/* Begin PBXResourcesBuildPhase section */
		99787B73215E90A600F9D14A /* Resources */ = {
			isa = PBXResourcesBuildPhase;
			buildActionMask = 2147483647;
			files = (
				99787B7F215E90A800F9D14A /* Assets.xcassets in Resources */,
				99787B7D215E90A600F9D14A /* Main.storyboard in Resources */,
			);
			runOnlyForDeploymentPostprocessing = 0;
		};
		99787B83215E90A800F9D14A /* Resources */ = {
			isa = PBXResourcesBuildPhase;
			buildActionMask = 2147483647;
			files = (
			);
			runOnlyForDeploymentPostprocessing = 0;
		};
		99787B8E215E90A800F9D14A /* Resources */ = {
			isa = PBXResourcesBuildPhase;
			buildActionMask = 2147483647;
			files = (
			);
			runOnlyForDeploymentPostprocessing = 0;
		};
		99FBD21E2143BA26006F9C20 /* Resources */ = {
			isa = PBXResourcesBuildPhase;
			buildActionMask = 2147483647;
			files = (
				99FBD22F2143BA26006F9C20 /* Main.storyboard in Resources */,
				99FBD2312143BA28006F9C20 /* Assets.xcassets in Resources */,
				99FBD2342143BA28006F9C20 /* LaunchScreen.storyboard in Resources */,
			);
			runOnlyForDeploymentPostprocessing = 0;
		};
		99FBD2382143BA28006F9C20 /* Resources */ = {
			isa = PBXResourcesBuildPhase;
			buildActionMask = 2147483647;
			files = (
			);
			runOnlyForDeploymentPostprocessing = 0;
		};
		99FBD2432143BA28006F9C20 /* Resources */ = {
			isa = PBXResourcesBuildPhase;
			buildActionMask = 2147483647;
			files = (
			);
			runOnlyForDeploymentPostprocessing = 0;
		};
		99FBD2A72143C380006F9C20 /* Resources */ = {
			isa = PBXResourcesBuildPhase;
			buildActionMask = 2147483647;
			files = (
				99FBD2AF2143C381006F9C20 /* Assets.xcassets in Resources */,
				99FBD2AD2143C380006F9C20 /* Interface.storyboard in Resources */,
			);
			runOnlyForDeploymentPostprocessing = 0;
		};
		99FBD2B32143C381006F9C20 /* Resources */ = {
			isa = PBXResourcesBuildPhase;
			buildActionMask = 2147483647;
			files = (
				99FBD2C12143C382006F9C20 /* Assets.xcassets in Resources */,
			);
			runOnlyForDeploymentPostprocessing = 0;
		};
/* End PBXResourcesBuildPhase section */

/* Begin PBXSourcesBuildPhase section */
		99787B71215E90A600F9D14A /* Sources */ = {
			isa = PBXSourcesBuildPhase;
			buildActionMask = 2147483647;
			files = (
				99787B7A215E90A600F9D14A /* ViewController.swift in Sources */,
				99787B78215E90A600F9D14A /* AppDelegate.swift in Sources */,
			);
			runOnlyForDeploymentPostprocessing = 0;
		};
		99787B81215E90A800F9D14A /* Sources */ = {
			isa = PBXSourcesBuildPhase;
			buildActionMask = 2147483647;
			files = (
				99787B8A215E90A800F9D14A /* TVMetronomeTests.swift in Sources */,
			);
			runOnlyForDeploymentPostprocessing = 0;
		};
		99787B8C215E90A800F9D14A /* Sources */ = {
			isa = PBXSourcesBuildPhase;
			buildActionMask = 2147483647;
			files = (
				99787B95215E90A900F9D14A /* TVMetronomeUITests.swift in Sources */,
			);
			runOnlyForDeploymentPostprocessing = 0;
		};
		99FBD21C2143BA26006F9C20 /* Sources */ = {
			isa = PBXSourcesBuildPhase;
			buildActionMask = 2147483647;
			files = (
				99FBD2242143BA26006F9C20 /* AppDelegate.swift in Sources */,
				9952DDC22154DE4900F3C184 /* MainViewController.swift in Sources */,
			);
			runOnlyForDeploymentPostprocessing = 0;
		};
		99FBD2362143BA28006F9C20 /* Sources */ = {
			isa = PBXSourcesBuildPhase;
			buildActionMask = 2147483647;
			files = (
				99FBD23F2143BA28006F9C20 /* MetronomeTests.swift in Sources */,
			);
			runOnlyForDeploymentPostprocessing = 0;
		};
		99FBD2412143BA28006F9C20 /* Sources */ = {
			isa = PBXSourcesBuildPhase;
			buildActionMask = 2147483647;
			files = (
				99FBD24A2143BA28006F9C20 /* MetronomeUITests.swift in Sources */,
			);
			runOnlyForDeploymentPostprocessing = 0;
		};
		99FBD2B12143C381006F9C20 /* Sources */ = {
			isa = PBXSourcesBuildPhase;
			buildActionMask = 2147483647;
			files = (
				99FBD2BD2143C381006F9C20 /* ExtensionDelegate.swift in Sources */,
				99FBD2BB2143C381006F9C20 /* InterfaceController.swift in Sources */,
			);
			runOnlyForDeploymentPostprocessing = 0;
		};
/* End PBXSourcesBuildPhase section */

/* Begin PBXTargetDependency section */
		994EB8662858EECF0050C018 /* PBXTargetDependency */ = {
			isa = PBXTargetDependency;
			productRef = 994EB8652858EECF0050C018 /* MetromomeKit */;
		};
		994EB8682858EED70050C018 /* PBXTargetDependency */ = {
			isa = PBXTargetDependency;
			productRef = 994EB8672858EED70050C018 /* MetromomeKit */;
		};
		99787B87215E90A800F9D14A /* PBXTargetDependency */ = {
			isa = PBXTargetDependency;
			target = 99787B74215E90A600F9D14A /* TVMetronome */;
			targetProxy = 99787B86215E90A800F9D14A /* PBXContainerItemProxy */;
		};
		99787B92215E90A900F9D14A /* PBXTargetDependency */ = {
			isa = PBXTargetDependency;
			target = 99787B74215E90A600F9D14A /* TVMetronome */;
			targetProxy = 99787B91215E90A900F9D14A /* PBXContainerItemProxy */;
		};
		99FBD23C2143BA28006F9C20 /* PBXTargetDependency */ = {
			isa = PBXTargetDependency;
			target = 99FBD21F2143BA26006F9C20 /* Metronome */;
			targetProxy = 99FBD23B2143BA28006F9C20 /* PBXContainerItemProxy */;
		};
		99FBD2472143BA28006F9C20 /* PBXTargetDependency */ = {
			isa = PBXTargetDependency;
			target = 99FBD21F2143BA26006F9C20 /* Metronome */;
			targetProxy = 99FBD2462143BA28006F9C20 /* PBXContainerItemProxy */;
		};
		99FBD2B82143C381006F9C20 /* PBXTargetDependency */ = {
			isa = PBXTargetDependency;
			target = 99FBD2B42143C381006F9C20 /* MetronomeWatchOS Extension */;
			targetProxy = 99FBD2B72143C381006F9C20 /* PBXContainerItemProxy */;
		};
		99FBD2C42143C382006F9C20 /* PBXTargetDependency */ = {
			isa = PBXTargetDependency;
			target = 99FBD2A82143C380006F9C20 /* MetronomeWatchOS */;
			targetProxy = 99FBD2C32143C382006F9C20 /* PBXContainerItemProxy */;
		};
/* End PBXTargetDependency section */

/* Begin PBXVariantGroup section */
		99787B7B215E90A600F9D14A /* Main.storyboard */ = {
			isa = PBXVariantGroup;
			children = (
				99787B7C215E90A600F9D14A /* Base */,
			);
			name = Main.storyboard;
			sourceTree = "<group>";
		};
		99FBD22D2143BA26006F9C20 /* Main.storyboard */ = {
			isa = PBXVariantGroup;
			children = (
				99FBD22E2143BA26006F9C20 /* Base */,
			);
			name = Main.storyboard;
			sourceTree = "<group>";
		};
		99FBD2322143BA28006F9C20 /* LaunchScreen.storyboard */ = {
			isa = PBXVariantGroup;
			children = (
				99FBD2332143BA28006F9C20 /* Base */,
			);
			name = LaunchScreen.storyboard;
			sourceTree = "<group>";
		};
		99FBD2AB2143C380006F9C20 /* Interface.storyboard */ = {
			isa = PBXVariantGroup;
			children = (
				99FBD2AC2143C380006F9C20 /* Base */,
			);
			name = Interface.storyboard;
			sourceTree = "<group>";
		};
/* End PBXVariantGroup section */

/* Begin XCBuildConfiguration section */
		99787B98215E90A900F9D14A /* Debug */ = {
			isa = XCBuildConfiguration;
			buildSettings = {
				ALWAYS_EMBED_SWIFT_STANDARD_LIBRARIES = YES;
				ASSETCATALOG_COMPILER_APPICON_NAME = "App Icon & Top Shelf Image";
				ASSETCATALOG_COMPILER_LAUNCHIMAGE_NAME = LaunchImage;
				CODE_SIGN_STYLE = Automatic;
				DEVELOPMENT_TEAM = 46S3S784AR;
				INFOPLIST_FILE = TVMetronome/Info.plist;
				LD_RUNPATH_SEARCH_PATHS = (
					"$(inherited)",
					"@executable_path/Frameworks",
				);
				MTL_ENABLE_DEBUG_INFO = INCLUDE_SOURCE;
				MTL_FAST_MATH = YES;
				PRODUCT_BUNDLE_IDENTIFIER = com.uriphium.TVMetronome;
				PRODUCT_NAME = "$(TARGET_NAME)";
				SDKROOT = appletvos;
				SWIFT_VERSION = 4.2;
				TARGETED_DEVICE_FAMILY = 3;
				TVOS_DEPLOYMENT_TARGET = 12.0;
			};
			name = Debug;
		};
		99787B99215E90A900F9D14A /* Release */ = {
			isa = XCBuildConfiguration;
			buildSettings = {
				ALWAYS_EMBED_SWIFT_STANDARD_LIBRARIES = YES;
				ASSETCATALOG_COMPILER_APPICON_NAME = "App Icon & Top Shelf Image";
				ASSETCATALOG_COMPILER_LAUNCHIMAGE_NAME = LaunchImage;
				CODE_SIGN_STYLE = Automatic;
				DEVELOPMENT_TEAM = 46S3S784AR;
				INFOPLIST_FILE = TVMetronome/Info.plist;
				LD_RUNPATH_SEARCH_PATHS = (
					"$(inherited)",
					"@executable_path/Frameworks",
				);
				MTL_FAST_MATH = YES;
				PRODUCT_BUNDLE_IDENTIFIER = com.uriphium.TVMetronome;
				PRODUCT_NAME = "$(TARGET_NAME)";
				SDKROOT = appletvos;
				SWIFT_VERSION = 4.2;
				TARGETED_DEVICE_FAMILY = 3;
				TVOS_DEPLOYMENT_TARGET = 12.0;
			};
			name = Release;
		};
		99787B9B215E90A900F9D14A /* Debug */ = {
			isa = XCBuildConfiguration;
			buildSettings = {
				ALWAYS_EMBED_SWIFT_STANDARD_LIBRARIES = YES;
				BUNDLE_LOADER = "$(TEST_HOST)";
				CODE_SIGN_STYLE = Automatic;
				DEVELOPMENT_TEAM = 46S3S784AR;
				INFOPLIST_FILE = TVMetronomeTests/Info.plist;
				LD_RUNPATH_SEARCH_PATHS = (
					"$(inherited)",
					"@executable_path/Frameworks",
					"@loader_path/Frameworks",
				);
				MTL_ENABLE_DEBUG_INFO = INCLUDE_SOURCE;
				MTL_FAST_MATH = YES;
				PRODUCT_BUNDLE_IDENTIFIER = com.uriphium.TVMetronomeTests;
				PRODUCT_NAME = "$(TARGET_NAME)";
				SDKROOT = appletvos;
				SWIFT_VERSION = 4.2;
				TARGETED_DEVICE_FAMILY = 3;
				TEST_HOST = "$(BUILT_PRODUCTS_DIR)/TVMetronome.app/TVMetronome";
				TVOS_DEPLOYMENT_TARGET = 12.0;
			};
			name = Debug;
		};
		99787B9C215E90A900F9D14A /* Release */ = {
			isa = XCBuildConfiguration;
			buildSettings = {
				ALWAYS_EMBED_SWIFT_STANDARD_LIBRARIES = YES;
				BUNDLE_LOADER = "$(TEST_HOST)";
				CODE_SIGN_STYLE = Automatic;
				DEVELOPMENT_TEAM = 46S3S784AR;
				INFOPLIST_FILE = TVMetronomeTests/Info.plist;
				LD_RUNPATH_SEARCH_PATHS = (
					"$(inherited)",
					"@executable_path/Frameworks",
					"@loader_path/Frameworks",
				);
				MTL_FAST_MATH = YES;
				PRODUCT_BUNDLE_IDENTIFIER = com.uriphium.TVMetronomeTests;
				PRODUCT_NAME = "$(TARGET_NAME)";
				SDKROOT = appletvos;
				SWIFT_VERSION = 4.2;
				TARGETED_DEVICE_FAMILY = 3;
				TEST_HOST = "$(BUILT_PRODUCTS_DIR)/TVMetronome.app/TVMetronome";
				TVOS_DEPLOYMENT_TARGET = 12.0;
			};
			name = Release;
		};
		99787B9E215E90A900F9D14A /* Debug */ = {
			isa = XCBuildConfiguration;
			buildSettings = {
				ALWAYS_EMBED_SWIFT_STANDARD_LIBRARIES = YES;
				CODE_SIGN_STYLE = Automatic;
				DEVELOPMENT_TEAM = 46S3S784AR;
				INFOPLIST_FILE = TVMetronomeUITests/Info.plist;
				LD_RUNPATH_SEARCH_PATHS = (
					"$(inherited)",
					"@executable_path/Frameworks",
					"@loader_path/Frameworks",
				);
				MTL_ENABLE_DEBUG_INFO = INCLUDE_SOURCE;
				MTL_FAST_MATH = YES;
				PRODUCT_BUNDLE_IDENTIFIER = com.uriphium.TVMetronomeUITests;
				PRODUCT_NAME = "$(TARGET_NAME)";
				SDKROOT = appletvos;
				SWIFT_VERSION = 4.2;
				TARGETED_DEVICE_FAMILY = 3;
				TEST_TARGET_NAME = TVMetronome;
				TVOS_DEPLOYMENT_TARGET = 12.0;
			};
			name = Debug;
		};
		99787B9F215E90A900F9D14A /* Release */ = {
			isa = XCBuildConfiguration;
			buildSettings = {
				ALWAYS_EMBED_SWIFT_STANDARD_LIBRARIES = YES;
				CODE_SIGN_STYLE = Automatic;
				DEVELOPMENT_TEAM = 46S3S784AR;
				INFOPLIST_FILE = TVMetronomeUITests/Info.plist;
				LD_RUNPATH_SEARCH_PATHS = (
					"$(inherited)",
					"@executable_path/Frameworks",
					"@loader_path/Frameworks",
				);
				MTL_FAST_MATH = YES;
				PRODUCT_BUNDLE_IDENTIFIER = com.uriphium.TVMetronomeUITests;
				PRODUCT_NAME = "$(TARGET_NAME)";
				SDKROOT = appletvos;
				SWIFT_VERSION = 4.2;
				TARGETED_DEVICE_FAMILY = 3;
				TEST_TARGET_NAME = TVMetronome;
				TVOS_DEPLOYMENT_TARGET = 12.0;
			};
			name = Release;
		};
		99FBD24C2143BA28006F9C20 /* Debug */ = {
			isa = XCBuildConfiguration;
			buildSettings = {
				ALWAYS_SEARCH_USER_PATHS = NO;
				CLANG_ANALYZER_NONNULL = YES;
				CLANG_ANALYZER_NUMBER_OBJECT_CONVERSION = YES_AGGRESSIVE;
				CLANG_CXX_LANGUAGE_STANDARD = "gnu++14";
				CLANG_CXX_LIBRARY = "libc++";
				CLANG_ENABLE_MODULES = YES;
				CLANG_ENABLE_OBJC_ARC = YES;
				CLANG_ENABLE_OBJC_WEAK = YES;
				CLANG_WARN_BLOCK_CAPTURE_AUTORELEASING = YES;
				CLANG_WARN_BOOL_CONVERSION = YES;
				CLANG_WARN_COMMA = YES;
				CLANG_WARN_CONSTANT_CONVERSION = YES;
				CLANG_WARN_DEPRECATED_OBJC_IMPLEMENTATIONS = YES;
				CLANG_WARN_DIRECT_OBJC_ISA_USAGE = YES_ERROR;
				CLANG_WARN_DOCUMENTATION_COMMENTS = YES;
				CLANG_WARN_EMPTY_BODY = YES;
				CLANG_WARN_ENUM_CONVERSION = YES;
				CLANG_WARN_INFINITE_RECURSION = YES;
				CLANG_WARN_INT_CONVERSION = YES;
				CLANG_WARN_NON_LITERAL_NULL_CONVERSION = YES;
				CLANG_WARN_OBJC_IMPLICIT_RETAIN_SELF = YES;
				CLANG_WARN_OBJC_LITERAL_CONVERSION = YES;
				CLANG_WARN_OBJC_ROOT_CLASS = YES_ERROR;
				CLANG_WARN_QUOTED_INCLUDE_IN_FRAMEWORK_HEADER = YES;
				CLANG_WARN_RANGE_LOOP_ANALYSIS = YES;
				CLANG_WARN_STRICT_PROTOTYPES = YES;
				CLANG_WARN_SUSPICIOUS_MOVE = YES;
				CLANG_WARN_UNGUARDED_AVAILABILITY = YES_AGGRESSIVE;
				CLANG_WARN_UNREACHABLE_CODE = YES;
				CLANG_WARN__DUPLICATE_METHOD_MATCH = YES;
				CODE_SIGN_IDENTITY = "iPhone Developer";
				COPY_PHASE_STRIP = NO;
				DEBUG_INFORMATION_FORMAT = dwarf;
				ENABLE_STRICT_OBJC_MSGSEND = YES;
				ENABLE_TESTABILITY = YES;
				GCC_C_LANGUAGE_STANDARD = gnu11;
				GCC_DYNAMIC_NO_PIC = NO;
				GCC_NO_COMMON_BLOCKS = YES;
				GCC_OPTIMIZATION_LEVEL = 0;
				GCC_PREPROCESSOR_DEFINITIONS = (
					"DEBUG=1",
					"$(inherited)",
				);
				GCC_WARN_64_TO_32_BIT_CONVERSION = YES;
				GCC_WARN_ABOUT_RETURN_TYPE = YES_ERROR;
				GCC_WARN_UNDECLARED_SELECTOR = YES;
				GCC_WARN_UNINITIALIZED_AUTOS = YES_AGGRESSIVE;
				GCC_WARN_UNUSED_FUNCTION = YES;
				GCC_WARN_UNUSED_VARIABLE = YES;
				IPHONEOS_DEPLOYMENT_TARGET = 13.0;
				MTL_ENABLE_DEBUG_INFO = YES;
				ONLY_ACTIVE_ARCH = YES;
				SDKROOT = iphoneos;
				SWIFT_ACTIVE_COMPILATION_CONDITIONS = DEBUG;
				SWIFT_OPTIMIZATION_LEVEL = "-Onone";
				WATCHOS_DEPLOYMENT_TARGET = 6.0;
			};
			name = Debug;
		};
		99FBD24D2143BA28006F9C20 /* Release */ = {
			isa = XCBuildConfiguration;
			buildSettings = {
				ALWAYS_SEARCH_USER_PATHS = NO;
				CLANG_ANALYZER_NONNULL = YES;
				CLANG_ANALYZER_NUMBER_OBJECT_CONVERSION = YES_AGGRESSIVE;
				CLANG_CXX_LANGUAGE_STANDARD = "gnu++14";
				CLANG_CXX_LIBRARY = "libc++";
				CLANG_ENABLE_MODULES = YES;
				CLANG_ENABLE_OBJC_ARC = YES;
				CLANG_ENABLE_OBJC_WEAK = YES;
				CLANG_WARN_BLOCK_CAPTURE_AUTORELEASING = YES;
				CLANG_WARN_BOOL_CONVERSION = YES;
				CLANG_WARN_COMMA = YES;
				CLANG_WARN_CONSTANT_CONVERSION = YES;
				CLANG_WARN_DEPRECATED_OBJC_IMPLEMENTATIONS = YES;
				CLANG_WARN_DIRECT_OBJC_ISA_USAGE = YES_ERROR;
				CLANG_WARN_DOCUMENTATION_COMMENTS = YES;
				CLANG_WARN_EMPTY_BODY = YES;
				CLANG_WARN_ENUM_CONVERSION = YES;
				CLANG_WARN_INFINITE_RECURSION = YES;
				CLANG_WARN_INT_CONVERSION = YES;
				CLANG_WARN_NON_LITERAL_NULL_CONVERSION = YES;
				CLANG_WARN_OBJC_IMPLICIT_RETAIN_SELF = YES;
				CLANG_WARN_OBJC_LITERAL_CONVERSION = YES;
				CLANG_WARN_OBJC_ROOT_CLASS = YES_ERROR;
				CLANG_WARN_QUOTED_INCLUDE_IN_FRAMEWORK_HEADER = YES;
				CLANG_WARN_RANGE_LOOP_ANALYSIS = YES;
				CLANG_WARN_STRICT_PROTOTYPES = YES;
				CLANG_WARN_SUSPICIOUS_MOVE = YES;
				CLANG_WARN_UNGUARDED_AVAILABILITY = YES_AGGRESSIVE;
				CLANG_WARN_UNREACHABLE_CODE = YES;
				CLANG_WARN__DUPLICATE_METHOD_MATCH = YES;
				CODE_SIGN_IDENTITY = "iPhone Developer";
				COPY_PHASE_STRIP = NO;
				DEBUG_INFORMATION_FORMAT = "dwarf-with-dsym";
				ENABLE_NS_ASSERTIONS = NO;
				ENABLE_STRICT_OBJC_MSGSEND = YES;
				GCC_C_LANGUAGE_STANDARD = gnu11;
				GCC_NO_COMMON_BLOCKS = YES;
				GCC_WARN_64_TO_32_BIT_CONVERSION = YES;
				GCC_WARN_ABOUT_RETURN_TYPE = YES_ERROR;
				GCC_WARN_UNDECLARED_SELECTOR = YES;
				GCC_WARN_UNINITIALIZED_AUTOS = YES_AGGRESSIVE;
				GCC_WARN_UNUSED_FUNCTION = YES;
				GCC_WARN_UNUSED_VARIABLE = YES;
				IPHONEOS_DEPLOYMENT_TARGET = 13.0;
				MTL_ENABLE_DEBUG_INFO = NO;
				SDKROOT = iphoneos;
				SWIFT_COMPILATION_MODE = wholemodule;
				SWIFT_OPTIMIZATION_LEVEL = "-O";
				VALIDATE_PRODUCT = YES;
				WATCHOS_DEPLOYMENT_TARGET = 6.0;
			};
			name = Release;
		};
		99FBD24F2143BA28006F9C20 /* Debug */ = {
			isa = XCBuildConfiguration;
			buildSettings = {
				ASSETCATALOG_COMPILER_APPICON_NAME = AppIcon;
				CLANG_ENABLE_MODULES = YES;
				CODE_SIGN_STYLE = Automatic;
				DEVELOPMENT_TEAM = 46S3S784AR;
				INFOPLIST_FILE = Metronome/Info.plist;
				LD_RUNPATH_SEARCH_PATHS = (
					"$(inherited)",
					"@executable_path/Frameworks",
				);
				PRODUCT_BUNDLE_IDENTIFIER = com.uriphium.Metronome;
				PRODUCT_NAME = "$(TARGET_NAME)";
				SWIFT_OBJC_BRIDGING_HEADER = "";
				SWIFT_OPTIMIZATION_LEVEL = "-Onone";
				SWIFT_VERSION = 4.2;
				TARGETED_DEVICE_FAMILY = "1,2";
			};
			name = Debug;
		};
		99FBD2502143BA28006F9C20 /* Release */ = {
			isa = XCBuildConfiguration;
			buildSettings = {
				ASSETCATALOG_COMPILER_APPICON_NAME = AppIcon;
				CLANG_ENABLE_MODULES = YES;
				CODE_SIGN_STYLE = Automatic;
				DEVELOPMENT_TEAM = 46S3S784AR;
				INFOPLIST_FILE = Metronome/Info.plist;
				LD_RUNPATH_SEARCH_PATHS = (
					"$(inherited)",
					"@executable_path/Frameworks",
				);
				PRODUCT_BUNDLE_IDENTIFIER = com.uriphium.Metronome;
				PRODUCT_NAME = "$(TARGET_NAME)";
				SWIFT_OBJC_BRIDGING_HEADER = "";
				SWIFT_VERSION = 4.2;
				TARGETED_DEVICE_FAMILY = "1,2";
			};
			name = Release;
		};
		99FBD2522143BA28006F9C20 /* Debug */ = {
			isa = XCBuildConfiguration;
			buildSettings = {
				ALWAYS_EMBED_SWIFT_STANDARD_LIBRARIES = YES;
				BUNDLE_LOADER = "$(TEST_HOST)";
				CODE_SIGN_STYLE = Automatic;
				DEVELOPMENT_TEAM = 46S3S784AR;
				INFOPLIST_FILE = MetronomeTests/Info.plist;
				LD_RUNPATH_SEARCH_PATHS = (
					"$(inherited)",
					"@executable_path/Frameworks",
					"@loader_path/Frameworks",
				);
				PRODUCT_BUNDLE_IDENTIFIER = com.uriphium.MetronomeTests;
				PRODUCT_NAME = "$(TARGET_NAME)";
				SWIFT_VERSION = 4.2;
				TARGETED_DEVICE_FAMILY = "1,2";
				TEST_HOST = "$(BUILT_PRODUCTS_DIR)/Metronome.app/Metronome";
			};
			name = Debug;
		};
		99FBD2532143BA28006F9C20 /* Release */ = {
			isa = XCBuildConfiguration;
			buildSettings = {
				ALWAYS_EMBED_SWIFT_STANDARD_LIBRARIES = YES;
				BUNDLE_LOADER = "$(TEST_HOST)";
				CODE_SIGN_STYLE = Automatic;
				DEVELOPMENT_TEAM = 46S3S784AR;
				INFOPLIST_FILE = MetronomeTests/Info.plist;
				LD_RUNPATH_SEARCH_PATHS = (
					"$(inherited)",
					"@executable_path/Frameworks",
					"@loader_path/Frameworks",
				);
				PRODUCT_BUNDLE_IDENTIFIER = com.uriphium.MetronomeTests;
				PRODUCT_NAME = "$(TARGET_NAME)";
				SWIFT_VERSION = 4.2;
				TARGETED_DEVICE_FAMILY = "1,2";
				TEST_HOST = "$(BUILT_PRODUCTS_DIR)/Metronome.app/Metronome";
			};
			name = Release;
		};
		99FBD2552143BA28006F9C20 /* Debug */ = {
			isa = XCBuildConfiguration;
			buildSettings = {
				ALWAYS_EMBED_SWIFT_STANDARD_LIBRARIES = YES;
				CODE_SIGN_STYLE = Automatic;
				DEVELOPMENT_TEAM = 46S3S784AR;
				INFOPLIST_FILE = MetronomeUITests/Info.plist;
				LD_RUNPATH_SEARCH_PATHS = (
					"$(inherited)",
					"@executable_path/Frameworks",
					"@loader_path/Frameworks",
				);
				PRODUCT_BUNDLE_IDENTIFIER = com.uriphium.MetronomeUITests;
				PRODUCT_NAME = "$(TARGET_NAME)";
				SWIFT_VERSION = 4.2;
				TARGETED_DEVICE_FAMILY = "1,2";
				TEST_TARGET_NAME = Metronome;
			};
			name = Debug;
		};
		99FBD2562143BA28006F9C20 /* Release */ = {
			isa = XCBuildConfiguration;
			buildSettings = {
				ALWAYS_EMBED_SWIFT_STANDARD_LIBRARIES = YES;
				CODE_SIGN_STYLE = Automatic;
				DEVELOPMENT_TEAM = 46S3S784AR;
				INFOPLIST_FILE = MetronomeUITests/Info.plist;
				LD_RUNPATH_SEARCH_PATHS = (
					"$(inherited)",
					"@executable_path/Frameworks",
					"@loader_path/Frameworks",
				);
				PRODUCT_BUNDLE_IDENTIFIER = com.uriphium.MetronomeUITests;
				PRODUCT_NAME = "$(TARGET_NAME)";
				SWIFT_VERSION = 4.2;
				TARGETED_DEVICE_FAMILY = "1,2";
				TEST_TARGET_NAME = Metronome;
			};
			name = Release;
		};
		99FBD2C72143C382006F9C20 /* Debug */ = {
			isa = XCBuildConfiguration;
			buildSettings = {
				ASSETCATALOG_COMPILER_COMPLICATION_NAME = Complication;
				CODE_SIGN_STYLE = Automatic;
				DEVELOPMENT_TEAM = 46S3S784AR;
				INFOPLIST_FILE = "MetronomeWatchOS Extension/Info.plist";
				LD_RUNPATH_SEARCH_PATHS = (
					"$(inherited)",
					"@executable_path/Frameworks",
					"@executable_path/../../Frameworks",
				);
				PRODUCT_BUNDLE_IDENTIFIER = com.uriphium.Metronome.watchkitapp.watchkitextension;
				PRODUCT_NAME = "${TARGET_NAME}";
				SDKROOT = watchos;
				SKIP_INSTALL = YES;
				SWIFT_VERSION = 4.2;
				TARGETED_DEVICE_FAMILY = 4;
				WATCHOS_DEPLOYMENT_TARGET = 4.0;
			};
			name = Debug;
		};
		99FBD2C82143C382006F9C20 /* Release */ = {
			isa = XCBuildConfiguration;
			buildSettings = {
				ASSETCATALOG_COMPILER_COMPLICATION_NAME = Complication;
				CODE_SIGN_STYLE = Automatic;
				DEVELOPMENT_TEAM = 46S3S784AR;
				INFOPLIST_FILE = "MetronomeWatchOS Extension/Info.plist";
				LD_RUNPATH_SEARCH_PATHS = (
					"$(inherited)",
					"@executable_path/Frameworks",
					"@executable_path/../../Frameworks",
				);
				PRODUCT_BUNDLE_IDENTIFIER = com.uriphium.Metronome.watchkitapp.watchkitextension;
				PRODUCT_NAME = "${TARGET_NAME}";
				SDKROOT = watchos;
				SKIP_INSTALL = YES;
				SWIFT_VERSION = 4.2;
				TARGETED_DEVICE_FAMILY = 4;
				WATCHOS_DEPLOYMENT_TARGET = 4.0;
			};
			name = Release;
		};
		99FBD2CB2143C382006F9C20 /* Debug */ = {
			isa = XCBuildConfiguration;
			buildSettings = {
				ALWAYS_EMBED_SWIFT_STANDARD_LIBRARIES = YES;
				ASSETCATALOG_COMPILER_APPICON_NAME = AppIcon;
				CODE_SIGN_STYLE = Automatic;
				DEVELOPMENT_TEAM = 46S3S784AR;
				IBSC_MODULE = MetronomeWatchOS_Extension;
				INFOPLIST_FILE = MetronomeWatchOS/Info.plist;
				PRODUCT_BUNDLE_IDENTIFIER = com.uriphium.Metronome.watchkitapp;
				PRODUCT_NAME = "$(TARGET_NAME)";
				SDKROOT = watchos;
				SKIP_INSTALL = YES;
				SWIFT_VERSION = 4.0;
				TARGETED_DEVICE_FAMILY = 4;
				WATCHOS_DEPLOYMENT_TARGET = 4.0;
			};
			name = Debug;
		};
		99FBD2CC2143C382006F9C20 /* Release */ = {
			isa = XCBuildConfiguration;
			buildSettings = {
				ALWAYS_EMBED_SWIFT_STANDARD_LIBRARIES = YES;
				ASSETCATALOG_COMPILER_APPICON_NAME = AppIcon;
				CODE_SIGN_STYLE = Automatic;
				DEVELOPMENT_TEAM = 46S3S784AR;
				IBSC_MODULE = MetronomeWatchOS_Extension;
				INFOPLIST_FILE = MetronomeWatchOS/Info.plist;
				PRODUCT_BUNDLE_IDENTIFIER = com.uriphium.Metronome.watchkitapp;
				PRODUCT_NAME = "$(TARGET_NAME)";
				SDKROOT = watchos;
				SKIP_INSTALL = YES;
				SWIFT_VERSION = 4.0;
				TARGETED_DEVICE_FAMILY = 4;
				WATCHOS_DEPLOYMENT_TARGET = 4.0;
			};
			name = Release;
		};
/* End XCBuildConfiguration section */

/* Begin XCConfigurationList section */
		99787B97215E90A900F9D14A /* Build configuration list for PBXNativeTarget "TVMetronome" */ = {
			isa = XCConfigurationList;
			buildConfigurations = (
				99787B98215E90A900F9D14A /* Debug */,
				99787B99215E90A900F9D14A /* Release */,
			);
			defaultConfigurationIsVisible = 0;
			defaultConfigurationName = Release;
		};
		99787B9A215E90A900F9D14A /* Build configuration list for PBXNativeTarget "TVMetronomeTests" */ = {
			isa = XCConfigurationList;
			buildConfigurations = (
				99787B9B215E90A900F9D14A /* Debug */,
				99787B9C215E90A900F9D14A /* Release */,
			);
			defaultConfigurationIsVisible = 0;
			defaultConfigurationName = Release;
		};
		99787B9D215E90A900F9D14A /* Build configuration list for PBXNativeTarget "TVMetronomeUITests" */ = {
			isa = XCConfigurationList;
			buildConfigurations = (
				99787B9E215E90A900F9D14A /* Debug */,
				99787B9F215E90A900F9D14A /* Release */,
			);
			defaultConfigurationIsVisible = 0;
			defaultConfigurationName = Release;
		};
		99FBD21B2143BA26006F9C20 /* Build configuration list for PBXProject "Metronome" */ = {
			isa = XCConfigurationList;
			buildConfigurations = (
				99FBD24C2143BA28006F9C20 /* Debug */,
				99FBD24D2143BA28006F9C20 /* Release */,
			);
			defaultConfigurationIsVisible = 0;
			defaultConfigurationName = Release;
		};
		99FBD24E2143BA28006F9C20 /* Build configuration list for PBXNativeTarget "Metronome" */ = {
			isa = XCConfigurationList;
			buildConfigurations = (
				99FBD24F2143BA28006F9C20 /* Debug */,
				99FBD2502143BA28006F9C20 /* Release */,
			);
			defaultConfigurationIsVisible = 0;
			defaultConfigurationName = Release;
		};
		99FBD2512143BA28006F9C20 /* Build configuration list for PBXNativeTarget "MetronomeTests" */ = {
			isa = XCConfigurationList;
			buildConfigurations = (
				99FBD2522143BA28006F9C20 /* Debug */,
				99FBD2532143BA28006F9C20 /* Release */,
			);
			defaultConfigurationIsVisible = 0;
			defaultConfigurationName = Release;
		};
		99FBD2542143BA28006F9C20 /* Build configuration list for PBXNativeTarget "MetronomeUITests" */ = {
			isa = XCConfigurationList;
			buildConfigurations = (
				99FBD2552143BA28006F9C20 /* Debug */,
				99FBD2562143BA28006F9C20 /* Release */,
			);
			defaultConfigurationIsVisible = 0;
			defaultConfigurationName = Release;
		};
		99FBD2C62143C382006F9C20 /* Build configuration list for PBXNativeTarget "MetronomeWatchOS Extension" */ = {
			isa = XCConfigurationList;
			buildConfigurations = (
				99FBD2C72143C382006F9C20 /* Debug */,
				99FBD2C82143C382006F9C20 /* Release */,
			);
			defaultConfigurationIsVisible = 0;
			defaultConfigurationName = Release;
		};
		99FBD2CA2143C382006F9C20 /* Build configuration list for PBXNativeTarget "MetronomeWatchOS" */ = {
			isa = XCConfigurationList;
			buildConfigurations = (
				99FBD2CB2143C382006F9C20 /* Debug */,
				99FBD2CC2143C382006F9C20 /* Release */,
			);
			defaultConfigurationIsVisible = 0;
			defaultConfigurationName = Release;
		};
/* End XCConfigurationList section */

/* Begin XCSwiftPackageProductDependency section */
		994EB85D2858ED4B0050C018 /* MetromomeKit */ = {
			isa = XCSwiftPackageProductDependency;
			productName = MetromomeKit;
		};
		994EB8632858EEC50050C018 /* MetromomeKit */ = {
			isa = XCSwiftPackageProductDependency;
			productName = MetromomeKit;
		};
		994EB8652858EECF0050C018 /* MetromomeKit */ = {
			isa = XCSwiftPackageProductDependency;
			productName = MetromomeKit;
		};
		994EB8672858EED70050C018 /* MetromomeKit */ = {
			isa = XCSwiftPackageProductDependency;
			productName = MetromomeKit;
		};
/* End XCSwiftPackageProductDependency section */
	};
	rootObject = 99FBD2182143BA26006F9C20 /* Project object */;
}
