// !$*UTF8*$!
{
	archiveVersion = 1;
	classes = {
	};
	objectVersion = 50;
	objects = {

/* Begin PBXBuildFile section */
		991C88E721500417005537D4 /* MetronomeFacePainter.swift in Sources */ = {isa = PBXBuildFile; fileRef = 991C88E521500410005537D4 /* MetronomeFacePainter.swift */; };
		991C88E821500418005537D4 /* MetronomeFacePainter.swift in Sources */ = {isa = PBXBuildFile; fileRef = 991C88E521500410005537D4 /* MetronomeFacePainter.swift */; };
		991C88EA21500A98005537D4 /* FacePaintConfiguration.swift in Sources */ = {isa = PBXBuildFile; fileRef = 991C88E921500A98005537D4 /* FacePaintConfiguration.swift */; };
		991C88EB21500A98005537D4 /* FacePaintConfiguration.swift in Sources */ = {isa = PBXBuildFile; fileRef = 991C88E921500A98005537D4 /* FacePaintConfiguration.swift */; };
		997638B12145728D00952DA7 /* TWGenerator.swift in Sources */ = {isa = PBXBuildFile; fileRef = 997638B02145728D00952DA7 /* TWGenerator.swift */; };
		997638B22145728D00952DA7 /* TWGenerator.swift in Sources */ = {isa = PBXBuildFile; fileRef = 997638B02145728D00952DA7 /* TWGenerator.swift */; };
		997638B32145807100952DA7 /* Metronome.swift in Sources */ = {isa = PBXBuildFile; fileRef = 99FBD2FD2143CA33006F9C20 /* Metronome.swift */; };
		99FBD2242143BA26006F9C20 /* AppDelegate.swift in Sources */ = {isa = PBXBuildFile; fileRef = 99FBD2232143BA26006F9C20 /* AppDelegate.swift */; };
		99FBD2262143BA26006F9C20 /* GameScene.sks in Resources */ = {isa = PBXBuildFile; fileRef = 99FBD2252143BA26006F9C20 /* GameScene.sks */; };
		99FBD2282143BA26006F9C20 /* Actions.sks in Resources */ = {isa = PBXBuildFile; fileRef = 99FBD2272143BA26006F9C20 /* Actions.sks */; };
		99FBD22A2143BA26006F9C20 /* GameScene.swift in Sources */ = {isa = PBXBuildFile; fileRef = 99FBD2292143BA26006F9C20 /* GameScene.swift */; };
		99FBD22C2143BA26006F9C20 /* GameViewController.swift in Sources */ = {isa = PBXBuildFile; fileRef = 99FBD22B2143BA26006F9C20 /* GameViewController.swift */; };
		99FBD22F2143BA26006F9C20 /* Main.storyboard in Resources */ = {isa = PBXBuildFile; fileRef = 99FBD22D2143BA26006F9C20 /* Main.storyboard */; };
		99FBD2312143BA28006F9C20 /* Assets.xcassets in Resources */ = {isa = PBXBuildFile; fileRef = 99FBD2302143BA28006F9C20 /* Assets.xcassets */; };
		99FBD2342143BA28006F9C20 /* LaunchScreen.storyboard in Resources */ = {isa = PBXBuildFile; fileRef = 99FBD2322143BA28006F9C20 /* LaunchScreen.storyboard */; };
		99FBD23F2143BA28006F9C20 /* MetronomeTests.swift in Sources */ = {isa = PBXBuildFile; fileRef = 99FBD23E2143BA28006F9C20 /* MetronomeTests.swift */; };
		99FBD24A2143BA28006F9C20 /* MetronomeUITests.swift in Sources */ = {isa = PBXBuildFile; fileRef = 99FBD2492143BA28006F9C20 /* MetronomeUITests.swift */; };
		99FBD28C2143BD84006F9C20 /* MetronomeKit_iOS.framework in Frameworks */ = {isa = PBXBuildFile; fileRef = 99FBD2832143BD83006F9C20 /* MetronomeKit_iOS.framework */; };
		99FBD2932143BD84006F9C20 /* MetronomeKit_iOSTests.swift in Sources */ = {isa = PBXBuildFile; fileRef = 99FBD2922143BD84006F9C20 /* MetronomeKit_iOSTests.swift */; };
		99FBD2952143BD84006F9C20 /* MetronomeKit_iOS.h in Headers */ = {isa = PBXBuildFile; fileRef = 99FBD2852143BD83006F9C20 /* MetronomeKit_iOS.h */; settings = {ATTRIBUTES = (Public, ); }; };
		99FBD2982143BD84006F9C20 /* MetronomeKit_iOS.framework in Frameworks */ = {isa = PBXBuildFile; fileRef = 99FBD2832143BD83006F9C20 /* MetronomeKit_iOS.framework */; };
		99FBD2992143BD84006F9C20 /* MetronomeKit_iOS.framework in Embed Frameworks */ = {isa = PBXBuildFile; fileRef = 99FBD2832143BD83006F9C20 /* MetronomeKit_iOS.framework */; settings = {ATTRIBUTES = (CodeSignOnCopy, RemoveHeadersOnCopy, ); }; };
		99FBD2AD2143C380006F9C20 /* Interface.storyboard in Resources */ = {isa = PBXBuildFile; fileRef = 99FBD2AB2143C380006F9C20 /* Interface.storyboard */; };
		99FBD2AF2143C381006F9C20 /* Assets.xcassets in Resources */ = {isa = PBXBuildFile; fileRef = 99FBD2AE2143C381006F9C20 /* Assets.xcassets */; };
		99FBD2B62143C381006F9C20 /* MetronomeWatchOS Extension.appex in Embed App Extensions */ = {isa = PBXBuildFile; fileRef = 99FBD2B52143C381006F9C20 /* MetronomeWatchOS Extension.appex */; settings = {ATTRIBUTES = (RemoveHeadersOnCopy, ); }; };
		99FBD2BB2143C381006F9C20 /* InterfaceController.swift in Sources */ = {isa = PBXBuildFile; fileRef = 99FBD2BA2143C381006F9C20 /* InterfaceController.swift */; };
		99FBD2BD2143C381006F9C20 /* ExtensionDelegate.swift in Sources */ = {isa = PBXBuildFile; fileRef = 99FBD2BC2143C381006F9C20 /* ExtensionDelegate.swift */; };
		99FBD2BF2143C381006F9C20 /* ComplicationController.swift in Sources */ = {isa = PBXBuildFile; fileRef = 99FBD2BE2143C381006F9C20 /* ComplicationController.swift */; };
		99FBD2C12143C382006F9C20 /* Assets.xcassets in Resources */ = {isa = PBXBuildFile; fileRef = 99FBD2C02143C382006F9C20 /* Assets.xcassets */; };
		99FBD2C52143C382006F9C20 /* MetronomeWatchOS.app in Embed Watch Content */ = {isa = PBXBuildFile; fileRef = 99FBD2A92143C380006F9C20 /* MetronomeWatchOS.app */; };
		99FBD2F02143C5B3006F9C20 /* MetronomeKit_WatchOS.h in Headers */ = {isa = PBXBuildFile; fileRef = 99FBD2EE2143C5B3006F9C20 /* MetronomeKit_WatchOS.h */; settings = {ATTRIBUTES = (Public, ); }; };
		99FBD2F32143C5B3006F9C20 /* MetronomeKit_WatchOS.framework in Frameworks */ = {isa = PBXBuildFile; fileRef = 99FBD2EC2143C5B3006F9C20 /* MetronomeKit_WatchOS.framework */; };
		99FBD2F42143C5B3006F9C20 /* MetronomeKit_WatchOS.framework in Embed Frameworks */ = {isa = PBXBuildFile; fileRef = 99FBD2EC2143C5B3006F9C20 /* MetronomeKit_WatchOS.framework */; settings = {ATTRIBUTES = (CodeSignOnCopy, RemoveHeadersOnCopy, ); }; };
		99FBD2FB2143C5BF006F9C20 /* Metronome.h in Headers */ = {isa = PBXBuildFile; fileRef = 99FBD2F92143C5BF006F9C20 /* Metronome.h */; };
		99FBD2FE2143CA33006F9C20 /* Metronome.swift in Sources */ = {isa = PBXBuildFile; fileRef = 99FBD2FD2143CA33006F9C20 /* Metronome.swift */; };
/* End PBXBuildFile section */

/* Begin PBXContainerItemProxy section */
		99FBD23B2143BA28006F9C20 /* PBXContainerItemProxy */ = {
			isa = PBXContainerItemProxy;
			containerPortal = 99FBD2182143BA26006F9C20 /* Project object */;
			proxyType = 1;
			remoteGlobalIDString = 99FBD21F2143BA26006F9C20;
			remoteInfo = Metronome;
		};
		99FBD2462143BA28006F9C20 /* PBXContainerItemProxy */ = {
			isa = PBXContainerItemProxy;
			containerPortal = 99FBD2182143BA26006F9C20 /* Project object */;
			proxyType = 1;
			remoteGlobalIDString = 99FBD21F2143BA26006F9C20;
			remoteInfo = Metronome;
		};
		99FBD28D2143BD84006F9C20 /* PBXContainerItemProxy */ = {
			isa = PBXContainerItemProxy;
			containerPortal = 99FBD2182143BA26006F9C20 /* Project object */;
			proxyType = 1;
			remoteGlobalIDString = 99FBD2822143BD83006F9C20;
			remoteInfo = MetronomeKit_iOS;
		};
		99FBD28F2143BD84006F9C20 /* PBXContainerItemProxy */ = {
			isa = PBXContainerItemProxy;
			containerPortal = 99FBD2182143BA26006F9C20 /* Project object */;
			proxyType = 1;
			remoteGlobalIDString = 99FBD21F2143BA26006F9C20;
			remoteInfo = Metronome;
		};
		99FBD2962143BD84006F9C20 /* PBXContainerItemProxy */ = {
			isa = PBXContainerItemProxy;
			containerPortal = 99FBD2182143BA26006F9C20 /* Project object */;
			proxyType = 1;
			remoteGlobalIDString = 99FBD2822143BD83006F9C20;
			remoteInfo = MetronomeKit_iOS;
		};
		99FBD2B72143C381006F9C20 /* PBXContainerItemProxy */ = {
			isa = PBXContainerItemProxy;
			containerPortal = 99FBD2182143BA26006F9C20 /* Project object */;
			proxyType = 1;
			remoteGlobalIDString = 99FBD2B42143C381006F9C20;
			remoteInfo = "MetronomeWatchOS Extension";
		};
		99FBD2C32143C382006F9C20 /* PBXContainerItemProxy */ = {
			isa = PBXContainerItemProxy;
			containerPortal = 99FBD2182143BA26006F9C20 /* Project object */;
			proxyType = 1;
			remoteGlobalIDString = 99FBD2A82143C380006F9C20;
			remoteInfo = MetronomeWatchOS;
		};
		99FBD2F12143C5B3006F9C20 /* PBXContainerItemProxy */ = {
			isa = PBXContainerItemProxy;
			containerPortal = 99FBD2182143BA26006F9C20 /* Project object */;
			proxyType = 1;
			remoteGlobalIDString = 99FBD2EB2143C5B3006F9C20;
			remoteInfo = MetronomeKit_WatchOS;
		};
/* End PBXContainerItemProxy section */

/* Begin PBXCopyFilesBuildPhase section */
		99FBD2782143BC5B006F9C20 /* Embed Frameworks */ = {
			isa = PBXCopyFilesBuildPhase;
			buildActionMask = 2147483647;
			dstPath = "";
			dstSubfolderSpec = 10;
			files = (
				99FBD2992143BD84006F9C20 /* MetronomeKit_iOS.framework in Embed Frameworks */,
			);
			name = "Embed Frameworks";
			runOnlyForDeploymentPostprocessing = 0;
		};
		99FBD2C92143C382006F9C20 /* Embed App Extensions */ = {
			isa = PBXCopyFilesBuildPhase;
			buildActionMask = 2147483647;
			dstPath = "";
			dstSubfolderSpec = 13;
			files = (
				99FBD2B62143C381006F9C20 /* MetronomeWatchOS Extension.appex in Embed App Extensions */,
			);
			name = "Embed App Extensions";
			runOnlyForDeploymentPostprocessing = 0;
		};
		99FBD2CD2143C382006F9C20 /* Embed Watch Content */ = {
			isa = PBXCopyFilesBuildPhase;
			buildActionMask = 2147483647;
			dstPath = "$(CONTENTS_FOLDER_PATH)/Watch";
			dstSubfolderSpec = 16;
			files = (
				99FBD2C52143C382006F9C20 /* MetronomeWatchOS.app in Embed Watch Content */,
			);
			name = "Embed Watch Content";
			runOnlyForDeploymentPostprocessing = 0;
		};
		99FBD2DF2143C50E006F9C20 /* Embed Frameworks */ = {
			isa = PBXCopyFilesBuildPhase;
			buildActionMask = 2147483647;
			dstPath = "";
			dstSubfolderSpec = 10;
			files = (
				99FBD2F42143C5B3006F9C20 /* MetronomeKit_WatchOS.framework in Embed Frameworks */,
			);
			name = "Embed Frameworks";
			runOnlyForDeploymentPostprocessing = 0;
		};
/* End PBXCopyFilesBuildPhase section */

/* Begin PBXFileReference section */
		991C88E521500410005537D4 /* MetronomeFacePainter.swift */ = {isa = PBXFileReference; lastKnownFileType = sourcecode.swift; path = MetronomeFacePainter.swift; sourceTree = "<group>"; };
		991C88E921500A98005537D4 /* FacePaintConfiguration.swift */ = {isa = PBXFileReference; lastKnownFileType = sourcecode.swift; path = FacePaintConfiguration.swift; sourceTree = "<group>"; };
		997638B02145728D00952DA7 /* TWGenerator.swift */ = {isa = PBXFileReference; fileEncoding = 4; lastKnownFileType = sourcecode.swift; path = TWGenerator.swift; sourceTree = "<group>"; };
		99FBD2202143BA26006F9C20 /* Metronome.app */ = {isa = PBXFileReference; explicitFileType = wrapper.application; includeInIndex = 0; path = Metronome.app; sourceTree = BUILT_PRODUCTS_DIR; };
		99FBD2232143BA26006F9C20 /* AppDelegate.swift */ = {isa = PBXFileReference; lastKnownFileType = sourcecode.swift; path = AppDelegate.swift; sourceTree = "<group>"; };
		99FBD2252143BA26006F9C20 /* GameScene.sks */ = {isa = PBXFileReference; lastKnownFileType = file.sks; path = GameScene.sks; sourceTree = "<group>"; };
		99FBD2272143BA26006F9C20 /* Actions.sks */ = {isa = PBXFileReference; lastKnownFileType = file.sks; path = Actions.sks; sourceTree = "<group>"; };
		99FBD2292143BA26006F9C20 /* GameScene.swift */ = {isa = PBXFileReference; lastKnownFileType = sourcecode.swift; path = GameScene.swift; sourceTree = "<group>"; };
		99FBD22B2143BA26006F9C20 /* GameViewController.swift */ = {isa = PBXFileReference; lastKnownFileType = sourcecode.swift; path = GameViewController.swift; sourceTree = "<group>"; };
		99FBD22E2143BA26006F9C20 /* Base */ = {isa = PBXFileReference; lastKnownFileType = file.storyboard; name = Base; path = Base.lproj/Main.storyboard; sourceTree = "<group>"; };
		99FBD2302143BA28006F9C20 /* Assets.xcassets */ = {isa = PBXFileReference; lastKnownFileType = folder.assetcatalog; path = Assets.xcassets; sourceTree = "<group>"; };
		99FBD2332143BA28006F9C20 /* Base */ = {isa = PBXFileReference; lastKnownFileType = file.storyboard; name = Base; path = Base.lproj/LaunchScreen.storyboard; sourceTree = "<group>"; };
		99FBD2352143BA28006F9C20 /* Info.plist */ = {isa = PBXFileReference; lastKnownFileType = text.plist.xml; path = Info.plist; sourceTree = "<group>"; };
		99FBD23A2143BA28006F9C20 /* MetronomeTests.xctest */ = {isa = PBXFileReference; explicitFileType = wrapper.cfbundle; includeInIndex = 0; path = MetronomeTests.xctest; sourceTree = BUILT_PRODUCTS_DIR; };
		99FBD23E2143BA28006F9C20 /* MetronomeTests.swift */ = {isa = PBXFileReference; lastKnownFileType = sourcecode.swift; path = MetronomeTests.swift; sourceTree = "<group>"; };
		99FBD2402143BA28006F9C20 /* Info.plist */ = {isa = PBXFileReference; lastKnownFileType = text.plist.xml; path = Info.plist; sourceTree = "<group>"; };
		99FBD2452143BA28006F9C20 /* MetronomeUITests.xctest */ = {isa = PBXFileReference; explicitFileType = wrapper.cfbundle; includeInIndex = 0; path = MetronomeUITests.xctest; sourceTree = BUILT_PRODUCTS_DIR; };
		99FBD2492143BA28006F9C20 /* MetronomeUITests.swift */ = {isa = PBXFileReference; lastKnownFileType = sourcecode.swift; path = MetronomeUITests.swift; sourceTree = "<group>"; };
		99FBD24B2143BA28006F9C20 /* Info.plist */ = {isa = PBXFileReference; lastKnownFileType = text.plist.xml; path = Info.plist; sourceTree = "<group>"; };
		99FBD2832143BD83006F9C20 /* MetronomeKit_iOS.framework */ = {isa = PBXFileReference; explicitFileType = wrapper.framework; includeInIndex = 0; path = MetronomeKit_iOS.framework; sourceTree = BUILT_PRODUCTS_DIR; };
		99FBD2852143BD83006F9C20 /* MetronomeKit_iOS.h */ = {isa = PBXFileReference; lastKnownFileType = sourcecode.c.h; path = MetronomeKit_iOS.h; sourceTree = "<group>"; };
		99FBD2862143BD83006F9C20 /* Info.plist */ = {isa = PBXFileReference; lastKnownFileType = text.plist.xml; path = Info.plist; sourceTree = "<group>"; };
		99FBD28B2143BD83006F9C20 /* MetronomeKit_iOSTests.xctest */ = {isa = PBXFileReference; explicitFileType = wrapper.cfbundle; includeInIndex = 0; path = MetronomeKit_iOSTests.xctest; sourceTree = BUILT_PRODUCTS_DIR; };
		99FBD2922143BD84006F9C20 /* MetronomeKit_iOSTests.swift */ = {isa = PBXFileReference; lastKnownFileType = sourcecode.swift; path = MetronomeKit_iOSTests.swift; sourceTree = "<group>"; };
		99FBD2942143BD84006F9C20 /* Info.plist */ = {isa = PBXFileReference; lastKnownFileType = text.plist.xml; path = Info.plist; sourceTree = "<group>"; };
		99FBD2A12143C2E8006F9C20 /* Metronome-Bridging-Header.h */ = {isa = PBXFileReference; lastKnownFileType = sourcecode.c.h; path = "Metronome-Bridging-Header.h"; sourceTree = "<group>"; };
		99FBD2A22143C2E9006F9C20 /* ViewController.m */ = {isa = PBXFileReference; fileEncoding = 4; lastKnownFileType = sourcecode.c.objc; name = ViewController.m; path = ../../../Downloads/HelloMetronome/iOSHelloMetronome/ViewController.m; sourceTree = "<group>"; };
		99FBD2A32143C2E9006F9C20 /* ViewController.h */ = {isa = PBXFileReference; fileEncoding = 4; lastKnownFileType = sourcecode.c.h; name = ViewController.h; path = ../../../Downloads/HelloMetronome/iOSHelloMetronome/ViewController.h; sourceTree = "<group>"; };
		99FBD2A92143C380006F9C20 /* MetronomeWatchOS.app */ = {isa = PBXFileReference; explicitFileType = wrapper.application; includeInIndex = 0; path = MetronomeWatchOS.app; sourceTree = BUILT_PRODUCTS_DIR; };
		99FBD2AC2143C380006F9C20 /* Base */ = {isa = PBXFileReference; lastKnownFileType = file.storyboard; name = Base; path = Base.lproj/Interface.storyboard; sourceTree = "<group>"; };
		99FBD2AE2143C381006F9C20 /* Assets.xcassets */ = {isa = PBXFileReference; lastKnownFileType = folder.assetcatalog; path = Assets.xcassets; sourceTree = "<group>"; };
		99FBD2B02143C381006F9C20 /* Info.plist */ = {isa = PBXFileReference; lastKnownFileType = text.plist.xml; path = Info.plist; sourceTree = "<group>"; };
		99FBD2B52143C381006F9C20 /* MetronomeWatchOS Extension.appex */ = {isa = PBXFileReference; explicitFileType = "wrapper.app-extension"; includeInIndex = 0; path = "MetronomeWatchOS Extension.appex"; sourceTree = BUILT_PRODUCTS_DIR; };
		99FBD2BA2143C381006F9C20 /* InterfaceController.swift */ = {isa = PBXFileReference; lastKnownFileType = sourcecode.swift; path = InterfaceController.swift; sourceTree = "<group>"; };
		99FBD2BC2143C381006F9C20 /* ExtensionDelegate.swift */ = {isa = PBXFileReference; lastKnownFileType = sourcecode.swift; path = ExtensionDelegate.swift; sourceTree = "<group>"; };
		99FBD2BE2143C381006F9C20 /* ComplicationController.swift */ = {isa = PBXFileReference; lastKnownFileType = sourcecode.swift; path = ComplicationController.swift; sourceTree = "<group>"; };
		99FBD2C02143C382006F9C20 /* Assets.xcassets */ = {isa = PBXFileReference; lastKnownFileType = folder.assetcatalog; path = Assets.xcassets; sourceTree = "<group>"; };
		99FBD2C22143C382006F9C20 /* Info.plist */ = {isa = PBXFileReference; lastKnownFileType = text.plist.xml; path = Info.plist; sourceTree = "<group>"; };
		99FBD2EC2143C5B3006F9C20 /* MetronomeKit_WatchOS.framework */ = {isa = PBXFileReference; explicitFileType = wrapper.framework; includeInIndex = 0; path = MetronomeKit_WatchOS.framework; sourceTree = BUILT_PRODUCTS_DIR; };
		99FBD2EE2143C5B3006F9C20 /* MetronomeKit_WatchOS.h */ = {isa = PBXFileReference; lastKnownFileType = sourcecode.c.h; path = MetronomeKit_WatchOS.h; sourceTree = "<group>"; };
		99FBD2EF2143C5B3006F9C20 /* Info.plist */ = {isa = PBXFileReference; lastKnownFileType = text.plist.xml; path = Info.plist; sourceTree = "<group>"; };
		99FBD2F82143C5BF006F9C20 /* Metronome.m */ = {isa = PBXFileReference; fileEncoding = 4; lastKnownFileType = sourcecode.c.objc; path = Metronome.m; sourceTree = "<group>"; };
		99FBD2F92143C5BF006F9C20 /* Metronome.h */ = {isa = PBXFileReference; fileEncoding = 4; lastKnownFileType = sourcecode.c.h; path = Metronome.h; sourceTree = "<group>"; };
		99FBD2FD2143CA33006F9C20 /* Metronome.swift */ = {isa = PBXFileReference; lastKnownFileType = sourcecode.swift; path = Metronome.swift; sourceTree = "<group>"; };
/* End PBXFileReference section */

/* Begin PBXFrameworksBuildPhase section */
		99FBD21D2143BA26006F9C20 /* Frameworks */ = {
			isa = PBXFrameworksBuildPhase;
			buildActionMask = 2147483647;
			files = (
				99FBD2982143BD84006F9C20 /* MetronomeKit_iOS.framework in Frameworks */,
			);
			runOnlyForDeploymentPostprocessing = 0;
		};
		99FBD2372143BA28006F9C20 /* Frameworks */ = {
			isa = PBXFrameworksBuildPhase;
			buildActionMask = 2147483647;
			files = (
			);
			runOnlyForDeploymentPostprocessing = 0;
		};
		99FBD2422143BA28006F9C20 /* Frameworks */ = {
			isa = PBXFrameworksBuildPhase;
			buildActionMask = 2147483647;
			files = (
			);
			runOnlyForDeploymentPostprocessing = 0;
		};
		99FBD27F2143BD83006F9C20 /* Frameworks */ = {
			isa = PBXFrameworksBuildPhase;
			buildActionMask = 2147483647;
			files = (
			);
			runOnlyForDeploymentPostprocessing = 0;
		};
		99FBD2882143BD83006F9C20 /* Frameworks */ = {
			isa = PBXFrameworksBuildPhase;
			buildActionMask = 2147483647;
			files = (
				99FBD28C2143BD84006F9C20 /* MetronomeKit_iOS.framework in Frameworks */,
			);
			runOnlyForDeploymentPostprocessing = 0;
		};
		99FBD2B22143C381006F9C20 /* Frameworks */ = {
			isa = PBXFrameworksBuildPhase;
			buildActionMask = 2147483647;
			files = (
				99FBD2F32143C5B3006F9C20 /* MetronomeKit_WatchOS.framework in Frameworks */,
			);
			runOnlyForDeploymentPostprocessing = 0;
		};
		99FBD2E82143C5B3006F9C20 /* Frameworks */ = {
			isa = PBXFrameworksBuildPhase;
			buildActionMask = 2147483647;
			files = (
			);
			runOnlyForDeploymentPostprocessing = 0;
		};
/* End PBXFrameworksBuildPhase section */

/* Begin PBXGroup section */
		99FBD2172143BA26006F9C20 = {
			isa = PBXGroup;
			children = (
				99FBD27A2143BC98006F9C20 /* MetronomeShared */,
				99FBD2222143BA26006F9C20 /* Metronome */,
				99FBD23D2143BA28006F9C20 /* MetronomeTests */,
				99FBD2482143BA28006F9C20 /* MetronomeUITests */,
				99FBD2842143BD83006F9C20 /* MetronomeKit_iOS */,
				99FBD2912143BD84006F9C20 /* MetronomeKit_iOSTests */,
				99FBD2AA2143C380006F9C20 /* MetronomeWatchOS */,
				99FBD2B92143C381006F9C20 /* MetronomeWatchOS Extension */,
				99FBD2ED2143C5B3006F9C20 /* MetronomeKit_WatchOS */,
				99FBD2212143BA26006F9C20 /* Products */,
			);
			sourceTree = "<group>";
		};
		99FBD2212143BA26006F9C20 /* Products */ = {
			isa = PBXGroup;
			children = (
				99FBD2202143BA26006F9C20 /* Metronome.app */,
				99FBD23A2143BA28006F9C20 /* MetronomeTests.xctest */,
				99FBD2452143BA28006F9C20 /* MetronomeUITests.xctest */,
				99FBD2832143BD83006F9C20 /* MetronomeKit_iOS.framework */,
				99FBD28B2143BD83006F9C20 /* MetronomeKit_iOSTests.xctest */,
				99FBD2A92143C380006F9C20 /* MetronomeWatchOS.app */,
				99FBD2B52143C381006F9C20 /* MetronomeWatchOS Extension.appex */,
				99FBD2EC2143C5B3006F9C20 /* MetronomeKit_WatchOS.framework */,
			);
			name = Products;
			sourceTree = "<group>";
		};
		99FBD2222143BA26006F9C20 /* Metronome */ = {
			isa = PBXGroup;
			children = (
				99FBD2232143BA26006F9C20 /* AppDelegate.swift */,
				99FBD2252143BA26006F9C20 /* GameScene.sks */,
				99FBD2272143BA26006F9C20 /* Actions.sks */,
				99FBD2A32143C2E9006F9C20 /* ViewController.h */,
				99FBD2A22143C2E9006F9C20 /* ViewController.m */,
				99FBD2292143BA26006F9C20 /* GameScene.swift */,
				99FBD22B2143BA26006F9C20 /* GameViewController.swift */,
				99FBD22D2143BA26006F9C20 /* Main.storyboard */,
				99FBD2302143BA28006F9C20 /* Assets.xcassets */,
				99FBD2322143BA28006F9C20 /* LaunchScreen.storyboard */,
				99FBD2352143BA28006F9C20 /* Info.plist */,
				99FBD2A12143C2E8006F9C20 /* Metronome-Bridging-Header.h */,
			);
			path = Metronome;
			sourceTree = "<group>";
		};
		99FBD23D2143BA28006F9C20 /* MetronomeTests */ = {
			isa = PBXGroup;
			children = (
				99FBD23E2143BA28006F9C20 /* MetronomeTests.swift */,
				99FBD2402143BA28006F9C20 /* Info.plist */,
			);
			path = MetronomeTests;
			sourceTree = "<group>";
		};
		99FBD2482143BA28006F9C20 /* MetronomeUITests */ = {
			isa = PBXGroup;
			children = (
				99FBD2492143BA28006F9C20 /* MetronomeUITests.swift */,
				99FBD24B2143BA28006F9C20 /* Info.plist */,
			);
			path = MetronomeUITests;
			sourceTree = "<group>";
		};
		99FBD27A2143BC98006F9C20 /* MetronomeShared */ = {
			isa = PBXGroup;
			children = (
				99FBD2FD2143CA33006F9C20 /* Metronome.swift */,
				991C88E521500410005537D4 /* MetronomeFacePainter.swift */,
				991C88E921500A98005537D4 /* FacePaintConfiguration.swift */,
				997638B02145728D00952DA7 /* TWGenerator.swift */,
			);
			path = MetronomeShared;
			sourceTree = "<group>";
		};
		99FBD2842143BD83006F9C20 /* MetronomeKit_iOS */ = {
			isa = PBXGroup;
			children = (
				99FBD2852143BD83006F9C20 /* MetronomeKit_iOS.h */,
				99FBD2862143BD83006F9C20 /* Info.plist */,
			);
			path = MetronomeKit_iOS;
			sourceTree = "<group>";
		};
		99FBD2912143BD84006F9C20 /* MetronomeKit_iOSTests */ = {
			isa = PBXGroup;
			children = (
				99FBD2922143BD84006F9C20 /* MetronomeKit_iOSTests.swift */,
				99FBD2942143BD84006F9C20 /* Info.plist */,
			);
			path = MetronomeKit_iOSTests;
			sourceTree = "<group>";
		};
		99FBD2AA2143C380006F9C20 /* MetronomeWatchOS */ = {
			isa = PBXGroup;
			children = (
				99FBD2AB2143C380006F9C20 /* Interface.storyboard */,
				99FBD2AE2143C381006F9C20 /* Assets.xcassets */,
				99FBD2B02143C381006F9C20 /* Info.plist */,
			);
			path = MetronomeWatchOS;
			sourceTree = "<group>";
		};
		99FBD2B92143C381006F9C20 /* MetronomeWatchOS Extension */ = {
			isa = PBXGroup;
			children = (
				99FBD2BA2143C381006F9C20 /* InterfaceController.swift */,
				99FBD2BC2143C381006F9C20 /* ExtensionDelegate.swift */,
				99FBD2BE2143C381006F9C20 /* ComplicationController.swift */,
				99FBD2C02143C382006F9C20 /* Assets.xcassets */,
				99FBD2C22143C382006F9C20 /* Info.plist */,
			);
			path = "MetronomeWatchOS Extension";
			sourceTree = "<group>";
		};
		99FBD2ED2143C5B3006F9C20 /* MetronomeKit_WatchOS */ = {
			isa = PBXGroup;
			children = (
				99FBD2F92143C5BF006F9C20 /* Metronome.h */,
				99FBD2F82143C5BF006F9C20 /* Metronome.m */,
				99FBD2EE2143C5B3006F9C20 /* MetronomeKit_WatchOS.h */,
				99FBD2EF2143C5B3006F9C20 /* Info.plist */,
			);
			path = MetronomeKit_WatchOS;
			sourceTree = "<group>";
		};
/* End PBXGroup section */

/* Begin PBXHeadersBuildPhase section */
		99FBD2802143BD83006F9C20 /* Headers */ = {
			isa = PBXHeadersBuildPhase;
			buildActionMask = 2147483647;
			files = (
				99FBD2952143BD84006F9C20 /* MetronomeKit_iOS.h in Headers */,
			);
			runOnlyForDeploymentPostprocessing = 0;
		};
		99FBD2E92143C5B3006F9C20 /* Headers */ = {
			isa = PBXHeadersBuildPhase;
			buildActionMask = 2147483647;
			files = (
				99FBD2F02143C5B3006F9C20 /* MetronomeKit_WatchOS.h in Headers */,
				99FBD2FB2143C5BF006F9C20 /* Metronome.h in Headers */,
			);
			runOnlyForDeploymentPostprocessing = 0;
		};
/* End PBXHeadersBuildPhase section */

/* Begin PBXNativeTarget section */
		99FBD21F2143BA26006F9C20 /* Metronome */ = {
			isa = PBXNativeTarget;
			buildConfigurationList = 99FBD24E2143BA28006F9C20 /* Build configuration list for PBXNativeTarget "Metronome" */;
			buildPhases = (
				99FBD21C2143BA26006F9C20 /* Sources */,
				99FBD21D2143BA26006F9C20 /* Frameworks */,
				99FBD21E2143BA26006F9C20 /* Resources */,
				99FBD2782143BC5B006F9C20 /* Embed Frameworks */,
				99FBD2CD2143C382006F9C20 /* Embed Watch Content */,
			);
			buildRules = (
			);
			dependencies = (
				99FBD2972143BD84006F9C20 /* PBXTargetDependency */,
				99FBD2C42143C382006F9C20 /* PBXTargetDependency */,
			);
			name = Metronome;
			productName = Metronome;
			productReference = 99FBD2202143BA26006F9C20 /* Metronome.app */;
			productType = "com.apple.product-type.application";
		};
		99FBD2392143BA28006F9C20 /* MetronomeTests */ = {
			isa = PBXNativeTarget;
			buildConfigurationList = 99FBD2512143BA28006F9C20 /* Build configuration list for PBXNativeTarget "MetronomeTests" */;
			buildPhases = (
				99FBD2362143BA28006F9C20 /* Sources */,
				99FBD2372143BA28006F9C20 /* Frameworks */,
				99FBD2382143BA28006F9C20 /* Resources */,
			);
			buildRules = (
			);
			dependencies = (
				99FBD23C2143BA28006F9C20 /* PBXTargetDependency */,
			);
			name = MetronomeTests;
			productName = MetronomeTests;
			productReference = 99FBD23A2143BA28006F9C20 /* MetronomeTests.xctest */;
			productType = "com.apple.product-type.bundle.unit-test";
		};
		99FBD2442143BA28006F9C20 /* MetronomeUITests */ = {
			isa = PBXNativeTarget;
			buildConfigurationList = 99FBD2542143BA28006F9C20 /* Build configuration list for PBXNativeTarget "MetronomeUITests" */;
			buildPhases = (
				99FBD2412143BA28006F9C20 /* Sources */,
				99FBD2422143BA28006F9C20 /* Frameworks */,
				99FBD2432143BA28006F9C20 /* Resources */,
			);
			buildRules = (
			);
			dependencies = (
				99FBD2472143BA28006F9C20 /* PBXTargetDependency */,
			);
			name = MetronomeUITests;
			productName = MetronomeUITests;
			productReference = 99FBD2452143BA28006F9C20 /* MetronomeUITests.xctest */;
			productType = "com.apple.product-type.bundle.ui-testing";
		};
		99FBD2822143BD83006F9C20 /* MetronomeKit_iOS */ = {
			isa = PBXNativeTarget;
			buildConfigurationList = 99FBD29A2143BD84006F9C20 /* Build configuration list for PBXNativeTarget "MetronomeKit_iOS" */;
			buildPhases = (
				99FBD27E2143BD83006F9C20 /* Sources */,
				99FBD27F2143BD83006F9C20 /* Frameworks */,
				99FBD2802143BD83006F9C20 /* Headers */,
				99FBD2812143BD83006F9C20 /* Resources */,
			);
			buildRules = (
			);
			dependencies = (
			);
			name = MetronomeKit_iOS;
			productName = MetronomeKit_iOS;
			productReference = 99FBD2832143BD83006F9C20 /* MetronomeKit_iOS.framework */;
			productType = "com.apple.product-type.framework";
		};
		99FBD28A2143BD83006F9C20 /* MetronomeKit_iOSTests */ = {
			isa = PBXNativeTarget;
			buildConfigurationList = 99FBD29D2143BD84006F9C20 /* Build configuration list for PBXNativeTarget "MetronomeKit_iOSTests" */;
			buildPhases = (
				99FBD2872143BD83006F9C20 /* Sources */,
				99FBD2882143BD83006F9C20 /* Frameworks */,
				99FBD2892143BD83006F9C20 /* Resources */,
			);
			buildRules = (
			);
			dependencies = (
				99FBD28E2143BD84006F9C20 /* PBXTargetDependency */,
				99FBD2902143BD84006F9C20 /* PBXTargetDependency */,
			);
			name = MetronomeKit_iOSTests;
			productName = MetronomeKit_iOSTests;
			productReference = 99FBD28B2143BD83006F9C20 /* MetronomeKit_iOSTests.xctest */;
			productType = "com.apple.product-type.bundle.unit-test";
		};
		99FBD2A82143C380006F9C20 /* MetronomeWatchOS */ = {
			isa = PBXNativeTarget;
			buildConfigurationList = 99FBD2CA2143C382006F9C20 /* Build configuration list for PBXNativeTarget "MetronomeWatchOS" */;
			buildPhases = (
				99FBD2A72143C380006F9C20 /* Resources */,
				99FBD2C92143C382006F9C20 /* Embed App Extensions */,
			);
			buildRules = (
			);
			dependencies = (
				99FBD2B82143C381006F9C20 /* PBXTargetDependency */,
			);
			name = MetronomeWatchOS;
			productName = MetronomeWatchOS;
			productReference = 99FBD2A92143C380006F9C20 /* MetronomeWatchOS.app */;
			productType = "com.apple.product-type.application.watchapp2";
		};
		99FBD2B42143C381006F9C20 /* MetronomeWatchOS Extension */ = {
			isa = PBXNativeTarget;
			buildConfigurationList = 99FBD2C62143C382006F9C20 /* Build configuration list for PBXNativeTarget "MetronomeWatchOS Extension" */;
			buildPhases = (
				99FBD2B12143C381006F9C20 /* Sources */,
				99FBD2B22143C381006F9C20 /* Frameworks */,
				99FBD2B32143C381006F9C20 /* Resources */,
				99FBD2DF2143C50E006F9C20 /* Embed Frameworks */,
			);
			buildRules = (
			);
			dependencies = (
				99FBD2F22143C5B3006F9C20 /* PBXTargetDependency */,
			);
			name = "MetronomeWatchOS Extension";
			productName = "MetronomeWatchOS Extension";
			productReference = 99FBD2B52143C381006F9C20 /* MetronomeWatchOS Extension.appex */;
			productType = "com.apple.product-type.watchkit2-extension";
		};
		99FBD2EB2143C5B3006F9C20 /* MetronomeKit_WatchOS */ = {
			isa = PBXNativeTarget;
			buildConfigurationList = 99FBD2F52143C5B3006F9C20 /* Build configuration list for PBXNativeTarget "MetronomeKit_WatchOS" */;
			buildPhases = (
				99FBD2E72143C5B3006F9C20 /* Sources */,
				99FBD2E82143C5B3006F9C20 /* Frameworks */,
				99FBD2E92143C5B3006F9C20 /* Headers */,
				99FBD2EA2143C5B3006F9C20 /* Resources */,
			);
			buildRules = (
			);
			dependencies = (
			);
			name = MetronomeKit_WatchOS;
			productName = MetronomeKit_WatchOS;
			productReference = 99FBD2EC2143C5B3006F9C20 /* MetronomeKit_WatchOS.framework */;
			productType = "com.apple.product-type.framework";
		};
/* End PBXNativeTarget section */

/* Begin PBXProject section */
		99FBD2182143BA26006F9C20 /* Project object */ = {
			isa = PBXProject;
			attributes = {
				LastSwiftUpdateCheck = 0940;
				LastUpgradeCheck = 0940;
				ORGANIZATIONNAME = "xiangyu sun";
				TargetAttributes = {
					99FBD21F2143BA26006F9C20 = {
						CreatedOnToolsVersion = 9.4.1;
						LastSwiftMigration = 0940;
					};
					99FBD2392143BA28006F9C20 = {
						CreatedOnToolsVersion = 9.4.1;
						TestTargetID = 99FBD21F2143BA26006F9C20;
					};
					99FBD2442143BA28006F9C20 = {
						CreatedOnToolsVersion = 9.4.1;
						TestTargetID = 99FBD21F2143BA26006F9C20;
					};
					99FBD2822143BD83006F9C20 = {
						CreatedOnToolsVersion = 9.4.1;
					};
					99FBD28A2143BD83006F9C20 = {
						CreatedOnToolsVersion = 9.4.1;
						TestTargetID = 99FBD21F2143BA26006F9C20;
					};
					99FBD2A82143C380006F9C20 = {
						CreatedOnToolsVersion = 9.4.1;
					};
					99FBD2B42143C381006F9C20 = {
						CreatedOnToolsVersion = 9.4.1;
					};
					99FBD2EB2143C5B3006F9C20 = {
						CreatedOnToolsVersion = 9.4.1;
					};
				};
			};
			buildConfigurationList = 99FBD21B2143BA26006F9C20 /* Build configuration list for PBXProject "Metronome" */;
			compatibilityVersion = "Xcode 9.3";
			developmentRegion = en;
			hasScannedForEncodings = 0;
			knownRegions = (
				en,
				Base,
			);
			mainGroup = 99FBD2172143BA26006F9C20;
			productRefGroup = 99FBD2212143BA26006F9C20 /* Products */;
			projectDirPath = "";
			projectRoot = "";
			targets = (
				99FBD21F2143BA26006F9C20 /* Metronome */,
				99FBD2392143BA28006F9C20 /* MetronomeTests */,
				99FBD2442143BA28006F9C20 /* MetronomeUITests */,
				99FBD2822143BD83006F9C20 /* MetronomeKit_iOS */,
				99FBD28A2143BD83006F9C20 /* MetronomeKit_iOSTests */,
				99FBD2A82143C380006F9C20 /* MetronomeWatchOS */,
				99FBD2B42143C381006F9C20 /* MetronomeWatchOS Extension */,
				99FBD2EB2143C5B3006F9C20 /* MetronomeKit_WatchOS */,
			);
		};
/* End PBXProject section */

/* Begin PBXResourcesBuildPhase section */
		99FBD21E2143BA26006F9C20 /* Resources */ = {
			isa = PBXResourcesBuildPhase;
			buildActionMask = 2147483647;
			files = (
				99FBD22F2143BA26006F9C20 /* Main.storyboard in Resources */,
				99FBD2262143BA26006F9C20 /* GameScene.sks in Resources */,
				99FBD2312143BA28006F9C20 /* Assets.xcassets in Resources */,
				99FBD2342143BA28006F9C20 /* LaunchScreen.storyboard in Resources */,
				99FBD2282143BA26006F9C20 /* Actions.sks in Resources */,
			);
			runOnlyForDeploymentPostprocessing = 0;
		};
		99FBD2382143BA28006F9C20 /* Resources */ = {
			isa = PBXResourcesBuildPhase;
			buildActionMask = 2147483647;
			files = (
			);
			runOnlyForDeploymentPostprocessing = 0;
		};
		99FBD2432143BA28006F9C20 /* Resources */ = {
			isa = PBXResourcesBuildPhase;
			buildActionMask = 2147483647;
			files = (
			);
			runOnlyForDeploymentPostprocessing = 0;
		};
		99FBD2812143BD83006F9C20 /* Resources */ = {
			isa = PBXResourcesBuildPhase;
			buildActionMask = 2147483647;
			files = (
			);
			runOnlyForDeploymentPostprocessing = 0;
		};
		99FBD2892143BD83006F9C20 /* Resources */ = {
			isa = PBXResourcesBuildPhase;
			buildActionMask = 2147483647;
			files = (
			);
			runOnlyForDeploymentPostprocessing = 0;
		};
		99FBD2A72143C380006F9C20 /* Resources */ = {
			isa = PBXResourcesBuildPhase;
			buildActionMask = 2147483647;
			files = (
				99FBD2AF2143C381006F9C20 /* Assets.xcassets in Resources */,
				99FBD2AD2143C380006F9C20 /* Interface.storyboard in Resources */,
			);
			runOnlyForDeploymentPostprocessing = 0;
		};
		99FBD2B32143C381006F9C20 /* Resources */ = {
			isa = PBXResourcesBuildPhase;
			buildActionMask = 2147483647;
			files = (
				99FBD2C12143C382006F9C20 /* Assets.xcassets in Resources */,
			);
			runOnlyForDeploymentPostprocessing = 0;
		};
		99FBD2EA2143C5B3006F9C20 /* Resources */ = {
			isa = PBXResourcesBuildPhase;
			buildActionMask = 2147483647;
			files = (
			);
			runOnlyForDeploymentPostprocessing = 0;
		};
/* End PBXResourcesBuildPhase section */

/* Begin PBXSourcesBuildPhase section */
		99FBD21C2143BA26006F9C20 /* Sources */ = {
			isa = PBXSourcesBuildPhase;
			buildActionMask = 2147483647;
			files = (
				99FBD22A2143BA26006F9C20 /* GameScene.swift in Sources */,
				99FBD22C2143BA26006F9C20 /* GameViewController.swift in Sources */,
				99FBD2242143BA26006F9C20 /* AppDelegate.swift in Sources */,
			);
			runOnlyForDeploymentPostprocessing = 0;
		};
		99FBD2362143BA28006F9C20 /* Sources */ = {
			isa = PBXSourcesBuildPhase;
			buildActionMask = 2147483647;
			files = (
				99FBD23F2143BA28006F9C20 /* MetronomeTests.swift in Sources */,
			);
			runOnlyForDeploymentPostprocessing = 0;
		};
		99FBD2412143BA28006F9C20 /* Sources */ = {
			isa = PBXSourcesBuildPhase;
			buildActionMask = 2147483647;
			files = (
				99FBD24A2143BA28006F9C20 /* MetronomeUITests.swift in Sources */,
			);
			runOnlyForDeploymentPostprocessing = 0;
		};
		99FBD27E2143BD83006F9C20 /* Sources */ = {
			isa = PBXSourcesBuildPhase;
			buildActionMask = 2147483647;
			files = (
				997638B32145807100952DA7 /* Metronome.swift in Sources */,
				997638B12145728D00952DA7 /* TWGenerator.swift in Sources */,
				991C88EA21500A98005537D4 /* FacePaintConfiguration.swift in Sources */,
				991C88E721500417005537D4 /* MetronomeFacePainter.swift in Sources */,
			);
			runOnlyForDeploymentPostprocessing = 0;
		};
		99FBD2872143BD83006F9C20 /* Sources */ = {
			isa = PBXSourcesBuildPhase;
			buildActionMask = 2147483647;
			files = (
				99FBD2932143BD84006F9C20 /* MetronomeKit_iOSTests.swift in Sources */,
			);
			runOnlyForDeploymentPostprocessing = 0;
		};
		99FBD2B12143C381006F9C20 /* Sources */ = {
			isa = PBXSourcesBuildPhase;
			buildActionMask = 2147483647;
			files = (
				99FBD2BD2143C381006F9C20 /* ExtensionDelegate.swift in Sources */,
				99FBD2BB2143C381006F9C20 /* InterfaceController.swift in Sources */,
				99FBD2BF2143C381006F9C20 /* ComplicationController.swift in Sources */,
			);
			runOnlyForDeploymentPostprocessing = 0;
		};
		99FBD2E72143C5B3006F9C20 /* Sources */ = {
			isa = PBXSourcesBuildPhase;
			buildActionMask = 2147483647;
			files = (
				997638B22145728D00952DA7 /* TWGenerator.swift in Sources */,
				99FBD2FE2143CA33006F9C20 /* Metronome.swift in Sources */,
				991C88EB21500A98005537D4 /* FacePaintConfiguration.swift in Sources */,
				991C88E821500418005537D4 /* MetronomeFacePainter.swift in Sources */,
			);
			runOnlyForDeploymentPostprocessing = 0;
		};
/* End PBXSourcesBuildPhase section */

/* Begin PBXTargetDependency section */
		99FBD23C2143BA28006F9C20 /* PBXTargetDependency */ = {
			isa = PBXTargetDependency;
			target = 99FBD21F2143BA26006F9C20 /* Metronome */;
			targetProxy = 99FBD23B2143BA28006F9C20 /* PBXContainerItemProxy */;
		};
		99FBD2472143BA28006F9C20 /* PBXTargetDependency */ = {
			isa = PBXTargetDependency;
			target = 99FBD21F2143BA26006F9C20 /* Metronome */;
			targetProxy = 99FBD2462143BA28006F9C20 /* PBXContainerItemProxy */;
		};
		99FBD28E2143BD84006F9C20 /* PBXTargetDependency */ = {
			isa = PBXTargetDependency;
			target = 99FBD2822143BD83006F9C20 /* MetronomeKit_iOS */;
			targetProxy = 99FBD28D2143BD84006F9C20 /* PBXContainerItemProxy */;
		};
		99FBD2902143BD84006F9C20 /* PBXTargetDependency */ = {
			isa = PBXTargetDependency;
			target = 99FBD21F2143BA26006F9C20 /* Metronome */;
			targetProxy = 99FBD28F2143BD84006F9C20 /* PBXContainerItemProxy */;
		};
		99FBD2972143BD84006F9C20 /* PBXTargetDependency */ = {
			isa = PBXTargetDependency;
			target = 99FBD2822143BD83006F9C20 /* MetronomeKit_iOS */;
			targetProxy = 99FBD2962143BD84006F9C20 /* PBXContainerItemProxy */;
		};
		99FBD2B82143C381006F9C20 /* PBXTargetDependency */ = {
			isa = PBXTargetDependency;
			target = 99FBD2B42143C381006F9C20 /* MetronomeWatchOS Extension */;
			targetProxy = 99FBD2B72143C381006F9C20 /* PBXContainerItemProxy */;
		};
		99FBD2C42143C382006F9C20 /* PBXTargetDependency */ = {
			isa = PBXTargetDependency;
			target = 99FBD2A82143C380006F9C20 /* MetronomeWatchOS */;
			targetProxy = 99FBD2C32143C382006F9C20 /* PBXContainerItemProxy */;
		};
		99FBD2F22143C5B3006F9C20 /* PBXTargetDependency */ = {
			isa = PBXTargetDependency;
			target = 99FBD2EB2143C5B3006F9C20 /* MetronomeKit_WatchOS */;
			targetProxy = 99FBD2F12143C5B3006F9C20 /* PBXContainerItemProxy */;
		};
/* End PBXTargetDependency section */

/* Begin PBXVariantGroup section */
		99FBD22D2143BA26006F9C20 /* Main.storyboard */ = {
			isa = PBXVariantGroup;
			children = (
				99FBD22E2143BA26006F9C20 /* Base */,
			);
			name = Main.storyboard;
			sourceTree = "<group>";
		};
		99FBD2322143BA28006F9C20 /* LaunchScreen.storyboard */ = {
			isa = PBXVariantGroup;
			children = (
				99FBD2332143BA28006F9C20 /* Base */,
			);
			name = LaunchScreen.storyboard;
			sourceTree = "<group>";
		};
		99FBD2AB2143C380006F9C20 /* Interface.storyboard */ = {
			isa = PBXVariantGroup;
			children = (
				99FBD2AC2143C380006F9C20 /* Base */,
			);
			name = Interface.storyboard;
			sourceTree = "<group>";
		};
/* End PBXVariantGroup section */

/* Begin XCBuildConfiguration section */
		99FBD24C2143BA28006F9C20 /* Debug */ = {
			isa = XCBuildConfiguration;
			buildSettings = {
				ALWAYS_SEARCH_USER_PATHS = NO;
				CLANG_ANALYZER_NONNULL = YES;
				CLANG_ANALYZER_NUMBER_OBJECT_CONVERSION = YES_AGGRESSIVE;
				CLANG_CXX_LANGUAGE_STANDARD = "gnu++14";
				CLANG_CXX_LIBRARY = "libc++";
				CLANG_ENABLE_MODULES = YES;
				CLANG_ENABLE_OBJC_ARC = YES;
				CLANG_ENABLE_OBJC_WEAK = YES;
				CLANG_WARN_BLOCK_CAPTURE_AUTORELEASING = YES;
				CLANG_WARN_BOOL_CONVERSION = YES;
				CLANG_WARN_COMMA = YES;
				CLANG_WARN_CONSTANT_CONVERSION = YES;
				CLANG_WARN_DEPRECATED_OBJC_IMPLEMENTATIONS = YES;
				CLANG_WARN_DIRECT_OBJC_ISA_USAGE = YES_ERROR;
				CLANG_WARN_DOCUMENTATION_COMMENTS = YES;
				CLANG_WARN_EMPTY_BODY = YES;
				CLANG_WARN_ENUM_CONVERSION = YES;
				CLANG_WARN_INFINITE_RECURSION = YES;
				CLANG_WARN_INT_CONVERSION = YES;
				CLANG_WARN_NON_LITERAL_NULL_CONVERSION = YES;
				CLANG_WARN_OBJC_IMPLICIT_RETAIN_SELF = YES;
				CLANG_WARN_OBJC_LITERAL_CONVERSION = YES;
				CLANG_WARN_OBJC_ROOT_CLASS = YES_ERROR;
				CLANG_WARN_RANGE_LOOP_ANALYSIS = YES;
				CLANG_WARN_STRICT_PROTOTYPES = YES;
				CLANG_WARN_SUSPICIOUS_MOVE = YES;
				CLANG_WARN_UNGUARDED_AVAILABILITY = YES_AGGRESSIVE;
				CLANG_WARN_UNREACHABLE_CODE = YES;
				CLANG_WARN__DUPLICATE_METHOD_MATCH = YES;
				CODE_SIGN_IDENTITY = "iPhone Developer";
				COPY_PHASE_STRIP = NO;
				DEBUG_INFORMATION_FORMAT = dwarf;
				ENABLE_STRICT_OBJC_MSGSEND = YES;
				ENABLE_TESTABILITY = YES;
				GCC_C_LANGUAGE_STANDARD = gnu11;
				GCC_DYNAMIC_NO_PIC = NO;
				GCC_NO_COMMON_BLOCKS = YES;
				GCC_OPTIMIZATION_LEVEL = 0;
				GCC_PREPROCESSOR_DEFINITIONS = (
					"DEBUG=1",
					"$(inherited)",
				);
				GCC_WARN_64_TO_32_BIT_CONVERSION = YES;
				GCC_WARN_ABOUT_RETURN_TYPE = YES_ERROR;
				GCC_WARN_UNDECLARED_SELECTOR = YES;
				GCC_WARN_UNINITIALIZED_AUTOS = YES_AGGRESSIVE;
				GCC_WARN_UNUSED_FUNCTION = YES;
				GCC_WARN_UNUSED_VARIABLE = YES;
				IPHONEOS_DEPLOYMENT_TARGET = 11.4;
				MTL_ENABLE_DEBUG_INFO = YES;
				ONLY_ACTIVE_ARCH = YES;
				SDKROOT = iphoneos;
				SWIFT_ACTIVE_COMPILATION_CONDITIONS = DEBUG;
				SWIFT_OPTIMIZATION_LEVEL = "-Onone";
			};
			name = Debug;
		};
		99FBD24D2143BA28006F9C20 /* Release */ = {
			isa = XCBuildConfiguration;
			buildSettings = {
				ALWAYS_SEARCH_USER_PATHS = NO;
				CLANG_ANALYZER_NONNULL = YES;
				CLANG_ANALYZER_NUMBER_OBJECT_CONVERSION = YES_AGGRESSIVE;
				CLANG_CXX_LANGUAGE_STANDARD = "gnu++14";
				CLANG_CXX_LIBRARY = "libc++";
				CLANG_ENABLE_MODULES = YES;
				CLANG_ENABLE_OBJC_ARC = YES;
				CLANG_ENABLE_OBJC_WEAK = YES;
				CLANG_WARN_BLOCK_CAPTURE_AUTORELEASING = YES;
				CLANG_WARN_BOOL_CONVERSION = YES;
				CLANG_WARN_COMMA = YES;
				CLANG_WARN_CONSTANT_CONVERSION = YES;
				CLANG_WARN_DEPRECATED_OBJC_IMPLEMENTATIONS = YES;
				CLANG_WARN_DIRECT_OBJC_ISA_USAGE = YES_ERROR;
				CLANG_WARN_DOCUMENTATION_COMMENTS = YES;
				CLANG_WARN_EMPTY_BODY = YES;
				CLANG_WARN_ENUM_CONVERSION = YES;
				CLANG_WARN_INFINITE_RECURSION = YES;
				CLANG_WARN_INT_CONVERSION = YES;
				CLANG_WARN_NON_LITERAL_NULL_CONVERSION = YES;
				CLANG_WARN_OBJC_IMPLICIT_RETAIN_SELF = YES;
				CLANG_WARN_OBJC_LITERAL_CONVERSION = YES;
				CLANG_WARN_OBJC_ROOT_CLASS = YES_ERROR;
				CLANG_WARN_RANGE_LOOP_ANALYSIS = YES;
				CLANG_WARN_STRICT_PROTOTYPES = YES;
				CLANG_WARN_SUSPICIOUS_MOVE = YES;
				CLANG_WARN_UNGUARDED_AVAILABILITY = YES_AGGRESSIVE;
				CLANG_WARN_UNREACHABLE_CODE = YES;
				CLANG_WARN__DUPLICATE_METHOD_MATCH = YES;
				CODE_SIGN_IDENTITY = "iPhone Developer";
				COPY_PHASE_STRIP = NO;
				DEBUG_INFORMATION_FORMAT = "dwarf-with-dsym";
				ENABLE_NS_ASSERTIONS = NO;
				ENABLE_STRICT_OBJC_MSGSEND = YES;
				GCC_C_LANGUAGE_STANDARD = gnu11;
				GCC_NO_COMMON_BLOCKS = YES;
				GCC_WARN_64_TO_32_BIT_CONVERSION = YES;
				GCC_WARN_ABOUT_RETURN_TYPE = YES_ERROR;
				GCC_WARN_UNDECLARED_SELECTOR = YES;
				GCC_WARN_UNINITIALIZED_AUTOS = YES_AGGRESSIVE;
				GCC_WARN_UNUSED_FUNCTION = YES;
				GCC_WARN_UNUSED_VARIABLE = YES;
				IPHONEOS_DEPLOYMENT_TARGET = 11.4;
				MTL_ENABLE_DEBUG_INFO = NO;
				SDKROOT = iphoneos;
				SWIFT_COMPILATION_MODE = wholemodule;
				SWIFT_OPTIMIZATION_LEVEL = "-O";
				VALIDATE_PRODUCT = YES;
			};
			name = Release;
		};
		99FBD24F2143BA28006F9C20 /* Debug */ = {
			isa = XCBuildConfiguration;
			buildSettings = {
				ALWAYS_EMBED_SWIFT_STANDARD_LIBRARIES = YES;
				ASSETCATALOG_COMPILER_APPICON_NAME = AppIcon;
				CLANG_ENABLE_MODULES = YES;
				CODE_SIGN_STYLE = Automatic;
				DEVELOPMENT_TEAM = 46S3S784AR;
				INFOPLIST_FILE = Metronome/Info.plist;
				LD_RUNPATH_SEARCH_PATHS = (
					"$(inherited)",
					"@executable_path/Frameworks",
				);
				PRODUCT_BUNDLE_IDENTIFIER = com.uriphium.Metronome;
				PRODUCT_NAME = "$(TARGET_NAME)";
				SWIFT_OBJC_BRIDGING_HEADER = "Metronome/Metronome-Bridging-Header.h";
				SWIFT_OPTIMIZATION_LEVEL = "-Onone";
				SWIFT_VERSION = 4.0;
				TARGETED_DEVICE_FAMILY = "1,2";
			};
			name = Debug;
		};
		99FBD2502143BA28006F9C20 /* Release */ = {
			isa = XCBuildConfiguration;
			buildSettings = {
				ALWAYS_EMBED_SWIFT_STANDARD_LIBRARIES = YES;
				ASSETCATALOG_COMPILER_APPICON_NAME = AppIcon;
				CLANG_ENABLE_MODULES = YES;
				CODE_SIGN_STYLE = Automatic;
				DEVELOPMENT_TEAM = 46S3S784AR;
				INFOPLIST_FILE = Metronome/Info.plist;
				LD_RUNPATH_SEARCH_PATHS = (
					"$(inherited)",
					"@executable_path/Frameworks",
				);
				PRODUCT_BUNDLE_IDENTIFIER = com.uriphium.Metronome;
				PRODUCT_NAME = "$(TARGET_NAME)";
				SWIFT_OBJC_BRIDGING_HEADER = "Metronome/Metronome-Bridging-Header.h";
				SWIFT_VERSION = 4.0;
				TARGETED_DEVICE_FAMILY = "1,2";
			};
			name = Release;
		};
		99FBD2522143BA28006F9C20 /* Debug */ = {
			isa = XCBuildConfiguration;
			buildSettings = {
				ALWAYS_EMBED_SWIFT_STANDARD_LIBRARIES = YES;
				BUNDLE_LOADER = "$(TEST_HOST)";
				CODE_SIGN_STYLE = Automatic;
				DEVELOPMENT_TEAM = 46S3S784AR;
				INFOPLIST_FILE = MetronomeTests/Info.plist;
				LD_RUNPATH_SEARCH_PATHS = (
					"$(inherited)",
					"@executable_path/Frameworks",
					"@loader_path/Frameworks",
				);
				PRODUCT_BUNDLE_IDENTIFIER = com.uriphium.MetronomeTests;
				PRODUCT_NAME = "$(TARGET_NAME)";
				SWIFT_VERSION = 4.0;
				TARGETED_DEVICE_FAMILY = "1,2";
				TEST_HOST = "$(BUILT_PRODUCTS_DIR)/Metronome.app/Metronome";
			};
			name = Debug;
		};
		99FBD2532143BA28006F9C20 /* Release */ = {
			isa = XCBuildConfiguration;
			buildSettings = {
				ALWAYS_EMBED_SWIFT_STANDARD_LIBRARIES = YES;
				BUNDLE_LOADER = "$(TEST_HOST)";
				CODE_SIGN_STYLE = Automatic;
				DEVELOPMENT_TEAM = 46S3S784AR;
				INFOPLIST_FILE = MetronomeTests/Info.plist;
				LD_RUNPATH_SEARCH_PATHS = (
					"$(inherited)",
					"@executable_path/Frameworks",
					"@loader_path/Frameworks",
				);
				PRODUCT_BUNDLE_IDENTIFIER = com.uriphium.MetronomeTests;
				PRODUCT_NAME = "$(TARGET_NAME)";
				SWIFT_VERSION = 4.0;
				TARGETED_DEVICE_FAMILY = "1,2";
				TEST_HOST = "$(BUILT_PRODUCTS_DIR)/Metronome.app/Metronome";
			};
			name = Release;
		};
		99FBD2552143BA28006F9C20 /* Debug */ = {
			isa = XCBuildConfiguration;
			buildSettings = {
				ALWAYS_EMBED_SWIFT_STANDARD_LIBRARIES = YES;
				CODE_SIGN_STYLE = Automatic;
				DEVELOPMENT_TEAM = 46S3S784AR;
				INFOPLIST_FILE = MetronomeUITests/Info.plist;
				LD_RUNPATH_SEARCH_PATHS = (
					"$(inherited)",
					"@executable_path/Frameworks",
					"@loader_path/Frameworks",
				);
				PRODUCT_BUNDLE_IDENTIFIER = com.uriphium.MetronomeUITests;
				PRODUCT_NAME = "$(TARGET_NAME)";
				SWIFT_VERSION = 4.0;
				TARGETED_DEVICE_FAMILY = "1,2";
				TEST_TARGET_NAME = Metronome;
			};
			name = Debug;
		};
		99FBD2562143BA28006F9C20 /* Release */ = {
			isa = XCBuildConfiguration;
			buildSettings = {
				ALWAYS_EMBED_SWIFT_STANDARD_LIBRARIES = YES;
				CODE_SIGN_STYLE = Automatic;
				DEVELOPMENT_TEAM = 46S3S784AR;
				INFOPLIST_FILE = MetronomeUITests/Info.plist;
				LD_RUNPATH_SEARCH_PATHS = (
					"$(inherited)",
					"@executable_path/Frameworks",
					"@loader_path/Frameworks",
				);
				PRODUCT_BUNDLE_IDENTIFIER = com.uriphium.MetronomeUITests;
				PRODUCT_NAME = "$(TARGET_NAME)";
				SWIFT_VERSION = 4.0;
				TARGETED_DEVICE_FAMILY = "1,2";
				TEST_TARGET_NAME = Metronome;
			};
			name = Release;
		};
		99FBD29B2143BD84006F9C20 /* Debug */ = {
			isa = XCBuildConfiguration;
			buildSettings = {
				CODE_SIGN_IDENTITY = "";
				CODE_SIGN_STYLE = Automatic;
				CURRENT_PROJECT_VERSION = 1;
				DEFINES_MODULE = YES;
				DEVELOPMENT_TEAM = 46S3S784AR;
				DYLIB_COMPATIBILITY_VERSION = 1;
				DYLIB_CURRENT_VERSION = 1;
				DYLIB_INSTALL_NAME_BASE = "@rpath";
				INFOPLIST_FILE = MetronomeKit_iOS/Info.plist;
				INSTALL_PATH = "$(LOCAL_LIBRARY_DIR)/Frameworks";
				LD_RUNPATH_SEARCH_PATHS = (
					"$(inherited)",
					"@executable_path/Frameworks",
					"@loader_path/Frameworks",
				);
				PRODUCT_BUNDLE_IDENTIFIER = "com.uriphium.MetronomeKit-iOS";
				PRODUCT_NAME = "$(TARGET_NAME:c99extidentifier)";
				SKIP_INSTALL = YES;
				SWIFT_VERSION = 4.0;
				TARGETED_DEVICE_FAMILY = "1,2";
				VERSIONING_SYSTEM = "apple-generic";
				VERSION_INFO_PREFIX = "";
			};
			name = Debug;
		};
		99FBD29C2143BD84006F9C20 /* Release */ = {
			isa = XCBuildConfiguration;
			buildSettings = {
				CODE_SIGN_IDENTITY = "";
				CODE_SIGN_STYLE = Automatic;
				CURRENT_PROJECT_VERSION = 1;
				DEFINES_MODULE = YES;
				DEVELOPMENT_TEAM = 46S3S784AR;
				DYLIB_COMPATIBILITY_VERSION = 1;
				DYLIB_CURRENT_VERSION = 1;
				DYLIB_INSTALL_NAME_BASE = "@rpath";
				INFOPLIST_FILE = MetronomeKit_iOS/Info.plist;
				INSTALL_PATH = "$(LOCAL_LIBRARY_DIR)/Frameworks";
				LD_RUNPATH_SEARCH_PATHS = (
					"$(inherited)",
					"@executable_path/Frameworks",
					"@loader_path/Frameworks",
				);
				PRODUCT_BUNDLE_IDENTIFIER = "com.uriphium.MetronomeKit-iOS";
				PRODUCT_NAME = "$(TARGET_NAME:c99extidentifier)";
				SKIP_INSTALL = YES;
				SWIFT_VERSION = 4.0;
				TARGETED_DEVICE_FAMILY = "1,2";
				VERSIONING_SYSTEM = "apple-generic";
				VERSION_INFO_PREFIX = "";
			};
			name = Release;
		};
		99FBD29E2143BD84006F9C20 /* Debug */ = {
			isa = XCBuildConfiguration;
			buildSettings = {
				ALWAYS_EMBED_SWIFT_STANDARD_LIBRARIES = YES;
				CODE_SIGN_STYLE = Automatic;
				DEVELOPMENT_TEAM = 46S3S784AR;
				INFOPLIST_FILE = MetronomeKit_iOSTests/Info.plist;
				LD_RUNPATH_SEARCH_PATHS = (
					"$(inherited)",
					"@executable_path/Frameworks",
					"@loader_path/Frameworks",
				);
				PRODUCT_BUNDLE_IDENTIFIER = "com.uriphium.MetronomeKit-iOSTests";
				PRODUCT_NAME = "$(TARGET_NAME)";
				SWIFT_VERSION = 4.0;
				TARGETED_DEVICE_FAMILY = "1,2";
				TEST_HOST = "$(BUILT_PRODUCTS_DIR)/Metronome.app/Metronome";
			};
			name = Debug;
		};
		99FBD29F2143BD84006F9C20 /* Release */ = {
			isa = XCBuildConfiguration;
			buildSettings = {
				ALWAYS_EMBED_SWIFT_STANDARD_LIBRARIES = YES;
				CODE_SIGN_STYLE = Automatic;
				DEVELOPMENT_TEAM = 46S3S784AR;
				INFOPLIST_FILE = MetronomeKit_iOSTests/Info.plist;
				LD_RUNPATH_SEARCH_PATHS = (
					"$(inherited)",
					"@executable_path/Frameworks",
					"@loader_path/Frameworks",
				);
				PRODUCT_BUNDLE_IDENTIFIER = "com.uriphium.MetronomeKit-iOSTests";
				PRODUCT_NAME = "$(TARGET_NAME)";
				SWIFT_VERSION = 4.0;
				TARGETED_DEVICE_FAMILY = "1,2";
				TEST_HOST = "$(BUILT_PRODUCTS_DIR)/Metronome.app/Metronome";
			};
			name = Release;
		};
		99FBD2C72143C382006F9C20 /* Debug */ = {
			isa = XCBuildConfiguration;
			buildSettings = {
				ASSETCATALOG_COMPILER_COMPLICATION_NAME = Complication;
				CODE_SIGN_STYLE = Automatic;
				DEVELOPMENT_TEAM = 46S3S784AR;
				INFOPLIST_FILE = "MetronomeWatchOS Extension/Info.plist";
				LD_RUNPATH_SEARCH_PATHS = (
					"$(inherited)",
					"@executable_path/Frameworks",
					"@executable_path/../../Frameworks",
				);
				PRODUCT_BUNDLE_IDENTIFIER = com.uriphium.Metronome.watchkitapp.watchkitextension;
				PRODUCT_NAME = "${TARGET_NAME}";
				SDKROOT = watchos;
				SKIP_INSTALL = YES;
				SWIFT_VERSION = 4.0;
				TARGETED_DEVICE_FAMILY = 4;
				WATCHOS_DEPLOYMENT_TARGET = 4.3;
			};
			name = Debug;
		};
		99FBD2C82143C382006F9C20 /* Release */ = {
			isa = XCBuildConfiguration;
			buildSettings = {
				ASSETCATALOG_COMPILER_COMPLICATION_NAME = Complication;
				CODE_SIGN_STYLE = Automatic;
				DEVELOPMENT_TEAM = 46S3S784AR;
				INFOPLIST_FILE = "MetronomeWatchOS Extension/Info.plist";
				LD_RUNPATH_SEARCH_PATHS = (
					"$(inherited)",
					"@executable_path/Frameworks",
					"@executable_path/../../Frameworks",
				);
				PRODUCT_BUNDLE_IDENTIFIER = com.uriphium.Metronome.watchkitapp.watchkitextension;
				PRODUCT_NAME = "${TARGET_NAME}";
				SDKROOT = watchos;
				SKIP_INSTALL = YES;
				SWIFT_VERSION = 4.0;
				TARGETED_DEVICE_FAMILY = 4;
				WATCHOS_DEPLOYMENT_TARGET = 4.3;
			};
			name = Release;
		};
		99FBD2CB2143C382006F9C20 /* Debug */ = {
			isa = XCBuildConfiguration;
			buildSettings = {
				ALWAYS_EMBED_SWIFT_STANDARD_LIBRARIES = YES;
				ASSETCATALOG_COMPILER_APPICON_NAME = AppIcon;
				CODE_SIGN_STYLE = Automatic;
				DEVELOPMENT_TEAM = 46S3S784AR;
				IBSC_MODULE = MetronomeWatchOS_Extension;
				INFOPLIST_FILE = MetronomeWatchOS/Info.plist;
				PRODUCT_BUNDLE_IDENTIFIER = com.uriphium.Metronome.watchkitapp;
				PRODUCT_NAME = "$(TARGET_NAME)";
				SDKROOT = watchos;
				SKIP_INSTALL = YES;
				SWIFT_VERSION = 4.0;
				TARGETED_DEVICE_FAMILY = 4;
				WATCHOS_DEPLOYMENT_TARGET = 4.3;
			};
			name = Debug;
		};
		99FBD2CC2143C382006F9C20 /* Release */ = {
			isa = XCBuildConfiguration;
			buildSettings = {
				ALWAYS_EMBED_SWIFT_STANDARD_LIBRARIES = YES;
				ASSETCATALOG_COMPILER_APPICON_NAME = AppIcon;
				CODE_SIGN_STYLE = Automatic;
				DEVELOPMENT_TEAM = 46S3S784AR;
				IBSC_MODULE = MetronomeWatchOS_Extension;
				INFOPLIST_FILE = MetronomeWatchOS/Info.plist;
				PRODUCT_BUNDLE_IDENTIFIER = com.uriphium.Metronome.watchkitapp;
				PRODUCT_NAME = "$(TARGET_NAME)";
				SDKROOT = watchos;
				SKIP_INSTALL = YES;
				SWIFT_VERSION = 4.0;
				TARGETED_DEVICE_FAMILY = 4;
				WATCHOS_DEPLOYMENT_TARGET = 4.3;
			};
			name = Release;
		};
		99FBD2F62143C5B3006F9C20 /* Debug */ = {
			isa = XCBuildConfiguration;
			buildSettings = {
				APPLICATION_EXTENSION_API_ONLY = YES;
				CODE_SIGN_IDENTITY = "";
				CODE_SIGN_STYLE = Automatic;
				CURRENT_PROJECT_VERSION = 1;
				DEFINES_MODULE = YES;
				DEVELOPMENT_TEAM = 46S3S784AR;
				DYLIB_COMPATIBILITY_VERSION = 1;
				DYLIB_CURRENT_VERSION = 1;
				DYLIB_INSTALL_NAME_BASE = "@rpath";
				INFOPLIST_FILE = MetronomeKit_WatchOS/Info.plist;
				INSTALL_PATH = "$(LOCAL_LIBRARY_DIR)/Frameworks";
				LD_RUNPATH_SEARCH_PATHS = (
					"$(inherited)",
					"@executable_path/Frameworks",
					"@loader_path/Frameworks",
				);
				PRODUCT_BUNDLE_IDENTIFIER = "com.uriphium.MetronomeKit-WatchOS";
				PRODUCT_NAME = "$(TARGET_NAME:c99extidentifier)";
				SDKROOT = watchos;
				SKIP_INSTALL = YES;
				SWIFT_VERSION = 4.0;
				TARGETED_DEVICE_FAMILY = 4;
				VERSIONING_SYSTEM = "apple-generic";
				VERSION_INFO_PREFIX = "";
				WATCHOS_DEPLOYMENT_TARGET = 4.3;
			};
			name = Debug;
		};
		99FBD2F72143C5B3006F9C20 /* Release */ = {
			isa = XCBuildConfiguration;
			buildSettings = {
				APPLICATION_EXTENSION_API_ONLY = YES;
				CODE_SIGN_IDENTITY = "";
				CODE_SIGN_STYLE = Automatic;
				CURRENT_PROJECT_VERSION = 1;
				DEFINES_MODULE = YES;
				DEVELOPMENT_TEAM = 46S3S784AR;
				DYLIB_COMPATIBILITY_VERSION = 1;
				DYLIB_CURRENT_VERSION = 1;
				DYLIB_INSTALL_NAME_BASE = "@rpath";
				INFOPLIST_FILE = MetronomeKit_WatchOS/Info.plist;
				INSTALL_PATH = "$(LOCAL_LIBRARY_DIR)/Frameworks";
				LD_RUNPATH_SEARCH_PATHS = (
					"$(inherited)",
					"@executable_path/Frameworks",
					"@loader_path/Frameworks",
				);
				PRODUCT_BUNDLE_IDENTIFIER = "com.uriphium.MetronomeKit-WatchOS";
				PRODUCT_NAME = "$(TARGET_NAME:c99extidentifier)";
				SDKROOT = watchos;
				SKIP_INSTALL = YES;
				SWIFT_VERSION = 4.0;
				TARGETED_DEVICE_FAMILY = 4;
				VERSIONING_SYSTEM = "apple-generic";
				VERSION_INFO_PREFIX = "";
				WATCHOS_DEPLOYMENT_TARGET = 4.3;
			};
			name = Release;
		};
/* End XCBuildConfiguration section */

/* Begin XCConfigurationList section */
		99FBD21B2143BA26006F9C20 /* Build configuration list for PBXProject "Metronome" */ = {
			isa = XCConfigurationList;
			buildConfigurations = (
				99FBD24C2143BA28006F9C20 /* Debug */,
				99FBD24D2143BA28006F9C20 /* Release */,
			);
			defaultConfigurationIsVisible = 0;
			defaultConfigurationName = Release;
		};
		99FBD24E2143BA28006F9C20 /* Build configuration list for PBXNativeTarget "Metronome" */ = {
			isa = XCConfigurationList;
			buildConfigurations = (
				99FBD24F2143BA28006F9C20 /* Debug */,
				99FBD2502143BA28006F9C20 /* Release */,
			);
			defaultConfigurationIsVisible = 0;
			defaultConfigurationName = Release;
		};
		99FBD2512143BA28006F9C20 /* Build configuration list for PBXNativeTarget "MetronomeTests" */ = {
			isa = XCConfigurationList;
			buildConfigurations = (
				99FBD2522143BA28006F9C20 /* Debug */,
				99FBD2532143BA28006F9C20 /* Release */,
			);
			defaultConfigurationIsVisible = 0;
			defaultConfigurationName = Release;
		};
		99FBD2542143BA28006F9C20 /* Build configuration list for PBXNativeTarget "MetronomeUITests" */ = {
			isa = XCConfigurationList;
			buildConfigurations = (
				99FBD2552143BA28006F9C20 /* Debug */,
				99FBD2562143BA28006F9C20 /* Release */,
			);
			defaultConfigurationIsVisible = 0;
			defaultConfigurationName = Release;
		};
		99FBD29A2143BD84006F9C20 /* Build configuration list for PBXNativeTarget "MetronomeKit_iOS" */ = {
			isa = XCConfigurationList;
			buildConfigurations = (
				99FBD29B2143BD84006F9C20 /* Debug */,
				99FBD29C2143BD84006F9C20 /* Release */,
			);
			defaultConfigurationIsVisible = 0;
			defaultConfigurationName = Release;
		};
		99FBD29D2143BD84006F9C20 /* Build configuration list for PBXNativeTarget "MetronomeKit_iOSTests" */ = {
			isa = XCConfigurationList;
			buildConfigurations = (
				99FBD29E2143BD84006F9C20 /* Debug */,
				99FBD29F2143BD84006F9C20 /* Release */,
			);
			defaultConfigurationIsVisible = 0;
			defaultConfigurationName = Release;
		};
		99FBD2C62143C382006F9C20 /* Build configuration list for PBXNativeTarget "MetronomeWatchOS Extension" */ = {
			isa = XCConfigurationList;
			buildConfigurations = (
				99FBD2C72143C382006F9C20 /* Debug */,
				99FBD2C82143C382006F9C20 /* Release */,
			);
			defaultConfigurationIsVisible = 0;
			defaultConfigurationName = Release;
		};
		99FBD2CA2143C382006F9C20 /* Build configuration list for PBXNativeTarget "MetronomeWatchOS" */ = {
			isa = XCConfigurationList;
			buildConfigurations = (
				99FBD2CB2143C382006F9C20 /* Debug */,
				99FBD2CC2143C382006F9C20 /* Release */,
			);
			defaultConfigurationIsVisible = 0;
			defaultConfigurationName = Release;
		};
		99FBD2F52143C5B3006F9C20 /* Build configuration list for PBXNativeTarget "MetronomeKit_WatchOS" */ = {
			isa = XCConfigurationList;
			buildConfigurations = (
				99FBD2F62143C5B3006F9C20 /* Debug */,
				99FBD2F72143C5B3006F9C20 /* Release */,
			);
			defaultConfigurationIsVisible = 0;
			defaultConfigurationName = Release;
		};
/* End XCConfigurationList section */
	};
	rootObject = 99FBD2182143BA26006F9C20 /* Project object */;
}
